// !$*UTF8*$!
{
	archiveVersion = 1;
	classes = {
	};
	objectVersion = 46;
	objects = {

/* Begin PBXBuildFile section */
		AC4430E01D3492FE004EDD38 /* main.m in Sources */ = {isa = PBXBuildFile; fileRef = AC4430DF1D3492FE004EDD38 /* main.m */; };
		AC4430E31D3492FE004EDD38 /* AppDelegate.m in Sources */ = {isa = PBXBuildFile; fileRef = AC4430E21D3492FE004EDD38 /* AppDelegate.m */; };
		AC4430E61D3492FE004EDD38 /* ViewController.m in Sources */ = {isa = PBXBuildFile; fileRef = AC4430E51D3492FE004EDD38 /* ViewController.m */; };
		AC4430E91D3492FE004EDD38 /* Main.storyboard in Resources */ = {isa = PBXBuildFile; fileRef = AC4430E71D3492FE004EDD38 /* Main.storyboard */; };
		AC4430EB1D3492FE004EDD38 /* Assets.xcassets in Resources */ = {isa = PBXBuildFile; fileRef = AC4430EA1D3492FE004EDD38 /* Assets.xcassets */; };
		AC4430EE1D3492FE004EDD38 /* LaunchScreen.storyboard in Resources */ = {isa = PBXBuildFile; fileRef = AC4430EC1D3492FE004EDD38 /* LaunchScreen.storyboard */; };
		AC4430F91D3492FE004EDD38 /* TableViewTouchTests.m in Sources */ = {isa = PBXBuildFile; fileRef = AC4430F81D3492FE004EDD38 /* TableViewTouchTests.m */; };
		AC4431041D3492FE004EDD38 /* TableViewTouchUITests.m in Sources */ = {isa = PBXBuildFile; fileRef = AC4431031D3492FE004EDD38 /* TableViewTouchUITests.m */; };
		AC4431131D3496A3004EDD38 /* PushViewController.m in Sources */ = {isa = PBXBuildFile; fileRef = AC4431121D3496A3004EDD38 /* PushViewController.m */; };
		AC4431161D349D64004EDD38 /* TableViewCell.m in Sources */ = {isa = PBXBuildFile; fileRef = AC4431151D349D64004EDD38 /* TableViewCell.m */; };
		AC4431191D34A086004EDD38 /* NavigationController.m in Sources */ = {isa = PBXBuildFile; fileRef = AC4431181D34A086004EDD38 /* NavigationController.m */; };
		AC44311C1D34A17B004EDD38 /* TouchView.m in Sources */ = {isa = PBXBuildFile; fileRef = AC44311B1D34A17B004EDD38 /* TouchView.m */; };
/* End PBXBuildFile section */

/* Begin PBXContainerItemProxy section */
		AC4430F51D3492FE004EDD38 /* PBXContainerItemProxy */ = {
			isa = PBXContainerItemProxy;
			containerPortal = AC4430D31D3492FE004EDD38 /* Project object */;
			proxyType = 1;
			remoteGlobalIDString = AC4430DA1D3492FE004EDD38;
			remoteInfo = TableViewTouch;
		};
		AC4431001D3492FE004EDD38 /* PBXContainerItemProxy */ = {
			isa = PBXContainerItemProxy;
			containerPortal = AC4430D31D3492FE004EDD38 /* Project object */;
			proxyType = 1;
			remoteGlobalIDString = AC4430DA1D3492FE004EDD38;
			remoteInfo = TableViewTouch;
		};
/* End PBXContainerItemProxy section */

/* Begin PBXFileReference section */
		AC4430DB1D3492FE004EDD38 /* TableViewTouch.app */ = {isa = PBXFileReference; explicitFileType = wrapper.application; includeInIndex = 0; path = TableViewTouch.app; sourceTree = BUILT_PRODUCTS_DIR; };
		AC4430DF1D3492FE004EDD38 /* main.m */ = {isa = PBXFileReference; lastKnownFileType = sourcecode.c.objc; path = main.m; sourceTree = "<group>"; };
		AC4430E11D3492FE004EDD38 /* AppDelegate.h */ = {isa = PBXFileReference; lastKnownFileType = sourcecode.c.h; path = AppDelegate.h; sourceTree = "<group>"; };
		AC4430E21D3492FE004EDD38 /* AppDelegate.m */ = {isa = PBXFileReference; lastKnownFileType = sourcecode.c.objc; path = AppDelegate.m; sourceTree = "<group>"; };
		AC4430E41D3492FE004EDD38 /* ViewController.h */ = {isa = PBXFileReference; lastKnownFileType = sourcecode.c.h; path = ViewController.h; sourceTree = "<group>"; };
		AC4430E51D3492FE004EDD38 /* ViewController.m */ = {isa = PBXFileReference; lastKnownFileType = sourcecode.c.objc; path = ViewController.m; sourceTree = "<group>"; };
		AC4430E81D3492FE004EDD38 /* Base */ = {isa = PBXFileReference; lastKnownFileType = file.storyboard; name = Base; path = Base.lproj/Main.storyboard; sourceTree = "<group>"; };
		AC4430EA1D3492FE004EDD38 /* Assets.xcassets */ = {isa = PBXFileReference; lastKnownFileType = folder.assetcatalog; path = Assets.xcassets; sourceTree = "<group>"; };
		AC4430ED1D3492FE004EDD38 /* Base */ = {isa = PBXFileReference; lastKnownFileType = file.storyboard; name = Base; path = Base.lproj/LaunchScreen.storyboard; sourceTree = "<group>"; };
		AC4430EF1D3492FE004EDD38 /* Info.plist */ = {isa = PBXFileReference; lastKnownFileType = text.plist.xml; path = Info.plist; sourceTree = "<group>"; };
		AC4430F41D3492FE004EDD38 /* TableViewTouchTests.xctest */ = {isa = PBXFileReference; explicitFileType = wrapper.cfbundle; includeInIndex = 0; path = TableViewTouchTests.xctest; sourceTree = BUILT_PRODUCTS_DIR; };
		AC4430F81D3492FE004EDD38 /* TableViewTouchTests.m */ = {isa = PBXFileReference; lastKnownFileType = sourcecode.c.objc; path = TableViewTouchTests.m; sourceTree = "<group>"; };
		AC4430FA1D3492FE004EDD38 /* Info.plist */ = {isa = PBXFileReference; lastKnownFileType = text.plist.xml; path = Info.plist; sourceTree = "<group>"; };
		AC4430FF1D3492FE004EDD38 /* TableViewTouchUITests.xctest */ = {isa = PBXFileReference; explicitFileType = wrapper.cfbundle; includeInIndex = 0; path = TableViewTouchUITests.xctest; sourceTree = BUILT_PRODUCTS_DIR; };
		AC4431031D3492FE004EDD38 /* TableViewTouchUITests.m */ = {isa = PBXFileReference; lastKnownFileType = sourcecode.c.objc; path = TableViewTouchUITests.m; sourceTree = "<group>"; };
		AC4431051D3492FE004EDD38 /* Info.plist */ = {isa = PBXFileReference; lastKnownFileType = text.plist.xml; path = Info.plist; sourceTree = "<group>"; };
		AC4431111D3496A3004EDD38 /* PushViewController.h */ = {isa = PBXFileReference; fileEncoding = 4; lastKnownFileType = sourcecode.c.h; path = PushViewController.h; sourceTree = "<group>"; };
		AC4431121D3496A3004EDD38 /* PushViewController.m */ = {isa = PBXFileReference; fileEncoding = 4; lastKnownFileType = sourcecode.c.objc; path = PushViewController.m; sourceTree = "<group>"; };
		AC4431141D349D64004EDD38 /* TableViewCell.h */ = {isa = PBXFileReference; fileEncoding = 4; lastKnownFileType = sourcecode.c.h; path = TableViewCell.h; sourceTree = "<group>"; };
		AC4431151D349D64004EDD38 /* TableViewCell.m */ = {isa = PBXFileReference; fileEncoding = 4; lastKnownFileType = sourcecode.c.objc; path = TableViewCell.m; sourceTree = "<group>"; };
		AC4431171D34A086004EDD38 /* NavigationController.h */ = {isa = PBXFileReference; fileEncoding = 4; lastKnownFileType = sourcecode.c.h; path = NavigationController.h; sourceTree = "<group>"; };
		AC4431181D34A086004EDD38 /* NavigationController.m */ = {isa = PBXFileReference; fileEncoding = 4; lastKnownFileType = sourcecode.c.objc; path = NavigationController.m; sourceTree = "<group>"; };
		AC44311A1D34A17B004EDD38 /* TouchView.h */ = {isa = PBXFileReference; fileEncoding = 4; lastKnownFileType = sourcecode.c.h; path = TouchView.h; sourceTree = "<group>"; };
		AC44311B1D34A17B004EDD38 /* TouchView.m */ = {isa = PBXFileReference; fileEncoding = 4; lastKnownFileType = sourcecode.c.objc; path = TouchView.m; sourceTree = "<group>"; };
/* End PBXFileReference section */

/* Begin PBXFrameworksBuildPhase section */
		AC4430D81D3492FE004EDD38 /* Frameworks */ = {
			isa = PBXFrameworksBuildPhase;
			buildActionMask = 2147483647;
			files = (
			);
			runOnlyForDeploymentPostprocessing = 0;
		};
		AC4430F11D3492FE004EDD38 /* Frameworks */ = {
			isa = PBXFrameworksBuildPhase;
			buildActionMask = 2147483647;
			files = (
			);
			runOnlyForDeploymentPostprocessing = 0;
		};
		AC4430FC1D3492FE004EDD38 /* Frameworks */ = {
			isa = PBXFrameworksBuildPhase;
			buildActionMask = 2147483647;
			files = (
			);
			runOnlyForDeploymentPostprocessing = 0;
		};
/* End PBXFrameworksBuildPhase section */

/* Begin PBXGroup section */
		AC4430D21D3492FE004EDD38 = {
			isa = PBXGroup;
			children = (
				AC4430DD1D3492FE004EDD38 /* TableViewTouch */,
				AC4430F71D3492FE004EDD38 /* TableViewTouchTests */,
				AC4431021D3492FE004EDD38 /* TableViewTouchUITests */,
				AC4430DC1D3492FE004EDD38 /* Products */,
			);
			sourceTree = "<group>";
		};
		AC4430DC1D3492FE004EDD38 /* Products */ = {
			isa = PBXGroup;
			children = (
				AC4430DB1D3492FE004EDD38 /* TableViewTouch.app */,
				AC4430F41D3492FE004EDD38 /* TableViewTouchTests.xctest */,
				AC4430FF1D3492FE004EDD38 /* TableViewTouchUITests.xctest */,
			);
			name = Products;
			sourceTree = "<group>";
		};
		AC4430DD1D3492FE004EDD38 /* TableViewTouch */ = {
			isa = PBXGroup;
			children = (
				AC4430E11D3492FE004EDD38 /* AppDelegate.h */,
				AC4430E21D3492FE004EDD38 /* AppDelegate.m */,
				AC4430E41D3492FE004EDD38 /* ViewController.h */,
				AC4430E51D3492FE004EDD38 /* ViewController.m */,
				AC4430E71D3492FE004EDD38 /* Main.storyboard */,
				AC4430EA1D3492FE004EDD38 /* Assets.xcassets */,
				AC4430EC1D3492FE004EDD38 /* LaunchScreen.storyboard */,
				AC4430EF1D3492FE004EDD38 /* Info.plist */,
				AC4430DE1D3492FE004EDD38 /* Supporting Files */,
				AC4431111D3496A3004EDD38 /* PushViewController.h */,
				AC4431121D3496A3004EDD38 /* PushViewController.m */,
				AC4431141D349D64004EDD38 /* TableViewCell.h */,
				AC4431151D349D64004EDD38 /* TableViewCell.m */,
				AC4431171D34A086004EDD38 /* NavigationController.h */,
				AC4431181D34A086004EDD38 /* NavigationController.m */,
				AC44311A1D34A17B004EDD38 /* TouchView.h */,
				AC44311B1D34A17B004EDD38 /* TouchView.m */,
			);
			path = TableViewTouch;
			sourceTree = "<group>";
		};
		AC4430DE1D3492FE004EDD38 /* Supporting Files */ = {
			isa = PBXGroup;
			children = (
				AC4430DF1D3492FE004EDD38 /* main.m */,
			);
			name = "Supporting Files";
			sourceTree = "<group>";
		};
		AC4430F71D3492FE004EDD38 /* TableViewTouchTests */ = {
			isa = PBXGroup;
			children = (
				AC4430F81D3492FE004EDD38 /* TableViewTouchTests.m */,
				AC4430FA1D3492FE004EDD38 /* Info.plist */,
			);
			path = TableViewTouchTests;
			sourceTree = "<group>";
		};
		AC4431021D3492FE004EDD38 /* TableViewTouchUITests */ = {
			isa = PBXGroup;
			children = (
				AC4431031D3492FE004EDD38 /* TableViewTouchUITests.m */,
				AC4431051D3492FE004EDD38 /* Info.plist */,
			);
			path = TableViewTouchUITests;
			sourceTree = "<group>";
		};
/* End PBXGroup section */

/* Begin PBXNativeTarget section */
		AC4430DA1D3492FE004EDD38 /* TableViewTouch */ = {
			isa = PBXNativeTarget;
			buildConfigurationList = AC4431081D3492FE004EDD38 /* Build configuration list for PBXNativeTarget "TableViewTouch" */;
			buildPhases = (
				AC4430D71D3492FE004EDD38 /* Sources */,
				AC4430D81D3492FE004EDD38 /* Frameworks */,
				AC4430D91D3492FE004EDD38 /* Resources */,
			);
			buildRules = (
			);
			dependencies = (
			);
			name = TableViewTouch;
			productName = TableViewTouch;
			productReference = AC4430DB1D3492FE004EDD38 /* TableViewTouch.app */;
			productType = "com.apple.product-type.application";
		};
		AC4430F31D3492FE004EDD38 /* TableViewTouchTests */ = {
			isa = PBXNativeTarget;
			buildConfigurationList = AC44310B1D3492FE004EDD38 /* Build configuration list for PBXNativeTarget "TableViewTouchTests" */;
			buildPhases = (
				AC4430F01D3492FE004EDD38 /* Sources */,
				AC4430F11D3492FE004EDD38 /* Frameworks */,
				AC4430F21D3492FE004EDD38 /* Resources */,
			);
			buildRules = (
			);
			dependencies = (
				AC4430F61D3492FE004EDD38 /* PBXTargetDependency */,
			);
			name = TableViewTouchTests;
			productName = TableViewTouchTests;
			productReference = AC4430F41D3492FE004EDD38 /* TableViewTouchTests.xctest */;
			productType = "com.apple.product-type.bundle.unit-test";
		};
		AC4430FE1D3492FE004EDD38 /* TableViewTouchUITests */ = {
			isa = PBXNativeTarget;
			buildConfigurationList = AC44310E1D3492FE004EDD38 /* Build configuration list for PBXNativeTarget "TableViewTouchUITests" */;
			buildPhases = (
				AC4430FB1D3492FE004EDD38 /* Sources */,
				AC4430FC1D3492FE004EDD38 /* Frameworks */,
				AC4430FD1D3492FE004EDD38 /* Resources */,
			);
			buildRules = (
			);
			dependencies = (
				AC4431011D3492FE004EDD38 /* PBXTargetDependency */,
			);
			name = TableViewTouchUITests;
			productName = TableViewTouchUITests;
			productReference = AC4430FF1D3492FE004EDD38 /* TableViewTouchUITests.xctest */;
			productType = "com.apple.product-type.bundle.ui-testing";
		};
/* End PBXNativeTarget section */

/* Begin PBXProject section */
		AC4430D31D3492FE004EDD38 /* Project object */ = {
			isa = PBXProject;
			attributes = {
				LastUpgradeCheck = 0730;
				ORGANIZATIONNAME = JiangWang;
				TargetAttributes = {
					AC4430DA1D3492FE004EDD38 = {
						CreatedOnToolsVersion = 7.3.1;
					};
					AC4430F31D3492FE004EDD38 = {
						CreatedOnToolsVersion = 7.3.1;
						TestTargetID = AC4430DA1D3492FE004EDD38;
					};
					AC4430FE1D3492FE004EDD38 = {
						CreatedOnToolsVersion = 7.3.1;
						TestTargetID = AC4430DA1D3492FE004EDD38;
					};
				};
			};
			buildConfigurationList = AC4430D61D3492FE004EDD38 /* Build configuration list for PBXProject "TableViewTouch" */;
			compatibilityVersion = "Xcode 3.2";
			developmentRegion = English;
			hasScannedForEncodings = 0;
			knownRegions = (
				en,
				Base,
			);
			mainGroup = AC4430D21D3492FE004EDD38;
			productRefGroup = AC4430DC1D3492FE004EDD38 /* Products */;
			projectDirPath = "";
			projectRoot = "";
			targets = (
				AC4430DA1D3492FE004EDD38 /* TableViewTouch */,
				AC4430F31D3492FE004EDD38 /* TableViewTouchTests */,
				AC4430FE1D3492FE004EDD38 /* TableViewTouchUITests */,
			);
		};
/* End PBXProject section */

/* Begin PBXResourcesBuildPhase section */
		AC4430D91D3492FE004EDD38 /* Resources */ = {
			isa = PBXResourcesBuildPhase;
			buildActionMask = 2147483647;
			files = (
				AC4430EE1D3492FE004EDD38 /* LaunchScreen.storyboard in Resources */,
				AC4430EB1D3492FE004EDD38 /* Assets.xcassets in Resources */,
				AC4430E91D3492FE004EDD38 /* Main.storyboard in Resources */,
			);
			runOnlyForDeploymentPostprocessing = 0;
		};
		AC4430F21D3492FE004EDD38 /* Resources */ = {
			isa = PBXResourcesBuildPhase;
			buildActionMask = 2147483647;
			files = (
			);
			runOnlyForDeploymentPostprocessing = 0;
		};
		AC4430FD1D3492FE004EDD38 /* Resources */ = {
			isa = PBXResourcesBuildPhase;
			buildActionMask = 2147483647;
			files = (
			);
			runOnlyForDeploymentPostprocessing = 0;
		};
/* End PBXResourcesBuildPhase section */

/* Begin PBXSourcesBuildPhase section */
		AC4430D71D3492FE004EDD38 /* Sources */ = {
			isa = PBXSourcesBuildPhase;
			buildActionMask = 2147483647;
			files = (
				AC4430E61D3492FE004EDD38 /* ViewController.m in Sources */,
				AC4430E31D3492FE004EDD38 /* AppDelegate.m in Sources */,
				AC44311C1D34A17B004EDD38 /* TouchView.m in Sources */,
				AC4431131D3496A3004EDD38 /* PushViewController.m in Sources */,
				AC4431191D34A086004EDD38 /* NavigationController.m in Sources */,
				AC4431161D349D64004EDD38 /* TableViewCell.m in Sources */,
				AC4430E01D3492FE004EDD38 /* main.m in Sources */,
			);
			runOnlyForDeploymentPostprocessing = 0;
		};
		AC4430F01D3492FE004EDD38 /* Sources */ = {
			isa = PBXSourcesBuildPhase;
			buildActionMask = 2147483647;
			files = (
				AC4430F91D3492FE004EDD38 /* TableViewTouchTests.m in Sources */,
			);
			runOnlyForDeploymentPostprocessing = 0;
		};
		AC4430FB1D3492FE004EDD38 /* Sources */ = {
			isa = PBXSourcesBuildPhase;
			buildActionMask = 2147483647;
			files = (
				AC4431041D3492FE004EDD38 /* TableViewTouchUITests.m in Sources */,
			);
			runOnlyForDeploymentPostprocessing = 0;
		};
/* End PBXSourcesBuildPhase section */

/* Begin PBXTargetDependency section */
		AC4430F61D3492FE004EDD38 /* PBXTargetDependency */ = {
			isa = PBXTargetDependency;
			target = AC4430DA1D3492FE004EDD38 /* TableViewTouch */;
			targetProxy = AC4430F51D3492FE004EDD38 /* PBXContainerItemProxy */;
		};
		AC4431011D3492FE004EDD38 /* PBXTargetDependency */ = {
			isa = PBXTargetDependency;
			target = AC4430DA1D3492FE004EDD38 /* TableViewTouch */;
			targetProxy = AC4431001D3492FE004EDD38 /* PBXContainerItemProxy */;
		};
/* End PBXTargetDependency section */

/* Begin PBXVariantGroup section */
		AC4430E71D3492FE004EDD38 /* Main.storyboard */ = {
			isa = PBXVariantGroup;
			children = (
				AC4430E81D3492FE004EDD38 /* Base */,
			);
			name = Main.storyboard;
			sourceTree = "<group>";
		};
		AC4430EC1D3492FE004EDD38 /* LaunchScreen.storyboard */ = {
			isa = PBXVariantGroup;
			children = (
				AC4430ED1D3492FE004EDD38 /* Base */,
			);
			name = LaunchScreen.storyboard;
			sourceTree = "<group>";
		};
/* End PBXVariantGroup section */

/* Begin XCBuildConfiguration section */
		AC4431061D3492FE004EDD38 /* Debug */ = {
			isa = XCBuildConfiguration;
			buildSettings = {
				ALWAYS_SEARCH_USER_PATHS = NO;
				CLANG_ANALYZER_NONNULL = YES;
				CLANG_CXX_LANGUAGE_STANDARD = "gnu++0x";
				CLANG_CXX_LIBRARY = "libc++";
				CLANG_ENABLE_MODULES = YES;
				CLANG_ENABLE_OBJC_ARC = YES;
				CLANG_WARN_BOOL_CONVERSION = YES;
				CLANG_WARN_CONSTANT_CONVERSION = YES;
				CLANG_WARN_DIRECT_OBJC_ISA_USAGE = YES_ERROR;
				CLANG_WARN_EMPTY_BODY = YES;
				CLANG_WARN_ENUM_CONVERSION = YES;
				CLANG_WARN_INT_CONVERSION = YES;
				CLANG_WARN_OBJC_ROOT_CLASS = YES_ERROR;
				CLANG_WARN_UNREACHABLE_CODE = YES;
				CLANG_WARN__DUPLICATE_METHOD_MATCH = YES;
				"CODE_SIGN_IDENTITY[sdk=iphoneos*]" = "iPhone Developer";
				COPY_PHASE_STRIP = NO;
				DEBUG_INFORMATION_FORMAT = dwarf;
				ENABLE_STRICT_OBJC_MSGSEND = YES;
				ENABLE_TESTABILITY = YES;
				GCC_C_LANGUAGE_STANDARD = gnu99;
				GCC_DYNAMIC_NO_PIC = NO;
				GCC_NO_COMMON_BLOCKS = YES;
				GCC_OPTIMIZATION_LEVEL = 0;
				GCC_PREPROCESSOR_DEFINITIONS = (
					"DEBUG=1",
					"$(inherited)",
				);
				GCC_WARN_64_TO_32_BIT_CONVERSION = YES;
				GCC_WARN_ABOUT_RETURN_TYPE = YES_ERROR;
				GCC_WARN_UNDECLARED_SELECTOR = YES;
				GCC_WARN_UNINITIALIZED_AUTOS = YES_AGGRESSIVE;
				GCC_WARN_UNUSED_FUNCTION = YES;
				GCC_WARN_UNUSED_VARIABLE = YES;
				IPHONEOS_DEPLOYMENT_TARGET = 9.3;
				MTL_ENABLE_DEBUG_INFO = YES;
				ONLY_ACTIVE_ARCH = YES;
				SDKROOT = iphoneos;
				TARGETED_DEVICE_FAMILY = "1,2";
			};
			name = Debug;
		};
		AC4431071D3492FE004EDD38 /* Release */ = {
			isa = XCBuildConfiguration;
			buildSettings = {
				ALWAYS_SEARCH_USER_PATHS = NO;
				CLANG_ANALYZER_NONNULL = YES;
				CLANG_CXX_LANGUAGE_STANDARD = "gnu++0x";
				CLANG_CXX_LIBRARY = "libc++";
				CLANG_ENABLE_MODULES = YES;
				CLANG_ENABLE_OBJC_ARC = YES;
				CLANG_WARN_BOOL_CONVERSION = YES;
				CLANG_WARN_CONSTANT_CONVERSION = YES;
				CLANG_WARN_DIRECT_OBJC_ISA_USAGE = YES_ERROR;
				CLANG_WARN_EMPTY_BODY = YES;
				CLANG_WARN_ENUM_CONVERSION = YES;
				CLANG_WARN_INT_CONVERSION = YES;
				CLANG_WARN_OBJC_ROOT_CLASS = YES_ERROR;
				CLANG_WARN_UNREACHABLE_CODE = YES;
				CLANG_WARN__DUPLICATE_METHOD_MATCH = YES;
				"CODE_SIGN_IDENTITY[sdk=iphoneos*]" = "iPhone Developer";
				COPY_PHASE_STRIP = NO;
				DEBUG_INFORMATION_FORMAT = "dwarf-with-dsym";
				ENABLE_NS_ASSERTIONS = NO;
				ENABLE_STRICT_OBJC_MSGSEND = YES;
				GCC_C_LANGUAGE_STANDARD = gnu99;
				GCC_NO_COMMON_BLOCKS = YES;
				GCC_WARN_64_TO_32_BIT_CONVERSION = YES;
				GCC_WARN_ABOUT_RETURN_TYPE = YES_ERROR;
				GCC_WARN_UNDECLARED_SELECTOR = YES;
				GCC_WARN_UNINITIALIZED_AUTOS = YES_AGGRESSIVE;
				GCC_WARN_UNUSED_FUNCTION = YES;
				GCC_WARN_UNUSED_VARIABLE = YES;
				IPHONEOS_DEPLOYMENT_TARGET = 9.3;
				MTL_ENABLE_DEBUG_INFO = NO;
				SDKROOT = iphoneos;
				TARGETED_DEVICE_FAMILY = "1,2";
				VALIDATE_PRODUCT = YES;
			};
			name = Release;
		};
		AC4431091D3492FE004EDD38 /* Debug */ = {
			isa = XCBuildConfiguration;
			buildSettings = {
				ASSETCATALOG_COMPILER_APPICON_NAME = AppIcon;
				INFOPLIST_FILE = TableViewTouch/Info.plist;
				LD_RUNPATH_SEARCH_PATHS = "$(inherited) @executable_path/Frameworks";
				PRODUCT_BUNDLE_IDENTIFIER = com.seeyoutime.TableViewTouch;
				PRODUCT_NAME = "$(TARGET_NAME)";
			};
			name = Debug;
		};
		AC44310A1D3492FE004EDD38 /* Release */ = {
			isa = XCBuildConfiguration;
			buildSettings = {
				ASSETCATALOG_COMPILER_APPICON_NAME = AppIcon;
				INFOPLIST_FILE = TableViewTouch/Info.plist;
				LD_RUNPATH_SEARCH_PATHS = "$(inherited) @executable_path/Frameworks";
				PRODUCT_BUNDLE_IDENTIFIER = com.seeyoutime.TableViewTouch;
				PRODUCT_NAME = "$(TARGET_NAME)";
			};
			name = Release;
		};
		AC44310C1D3492FE004EDD38 /* Debug */ = {
			isa = XCBuildConfiguration;
			buildSettings = {
				BUNDLE_LOADER = "$(TEST_HOST)";
				INFOPLIST_FILE = TableViewTouchTests/Info.plist;
				LD_RUNPATH_SEARCH_PATHS = "$(inherited) @executable_path/Frameworks @loader_path/Frameworks";
				PRODUCT_BUNDLE_IDENTIFIER = com.seeyoutime.TableViewTouchTests;
				PRODUCT_NAME = "$(TARGET_NAME)";
				TEST_HOST = "$(BUILT_PRODUCTS_DIR)/TableViewTouch.app/TableViewTouch";
			};
			name = Debug;
		};
		AC44310D1D3492FE004EDD38 /* Release */ = {
			isa = XCBuildConfiguration;
			buildSettings = {
				BUNDLE_LOADER = "$(TEST_HOST)";
				INFOPLIST_FILE = TableViewTouchTests/Info.plist;
				LD_RUNPATH_SEARCH_PATHS = "$(inherited) @executable_path/Frameworks @loader_path/Frameworks";
				PRODUCT_BUNDLE_IDENTIFIER = com.seeyoutime.TableViewTouchTests;
				PRODUCT_NAME = "$(TARGET_NAME)";
				TEST_HOST = "$(BUILT_PRODUCTS_DIR)/TableViewTouch.app/TableViewTouch";
			};
			name = Release;
		};
		AC44310F1D3492FE004EDD38 /* Debug */ = {
			isa = XCBuildConfiguration;
			buildSettings = {
				INFOPLIST_FILE = TableViewTouchUITests/Info.plist;
				LD_RUNPATH_SEARCH_PATHS = "$(inherited) @executable_path/Frameworks @loader_path/Frameworks";
				PRODUCT_BUNDLE_IDENTIFIER = com.seeyoutime.TableViewTouchUITests;
				PRODUCT_NAME = "$(TARGET_NAME)";
				TEST_TARGET_NAME = TableViewTouch;
			};
			name = Debug;
		};
		AC4431101D3492FE004EDD38 /* Release */ = {
			isa = XCBuildConfiguration;
			buildSettings = {
				INFOPLIST_FILE = TableViewTouchUITests/Info.plist;
				LD_RUNPATH_SEARCH_PATHS = "$(inherited) @executable_path/Frameworks @loader_path/Frameworks";
				PRODUCT_BUNDLE_IDENTIFIER = com.seeyoutime.TableViewTouchUITests;
				PRODUCT_NAME = "$(TARGET_NAME)";
				TEST_TARGET_NAME = TableViewTouch;
			};
			name = Release;
		};
/* End XCBuildConfiguration section */

/* Begin XCConfigurationList section */
		AC4430D61D3492FE004EDD38 /* Build configuration list for PBXProject "TableViewTouch" */ = {
			isa = XCConfigurationList;
			buildConfigurations = (
				AC4431061D3492FE004EDD38 /* Debug */,
				AC4431071D3492FE004EDD38 /* Release */,
			);
			defaultConfigurationIsVisible = 0;
			defaultConfigurationName = Release;
		};
		AC4431081D3492FE004EDD38 /* Build configuration list for PBXNativeTarget "TableViewTouch" */ = {
			isa = XCConfigurationList;
			buildConfigurations = (
				AC4431091D3492FE004EDD38 /* Debug */,
				AC44310A1D3492FE004EDD38 /* Release */,
			);
			defaultConfigurationIsVisible = 0;
		};
		AC44310B1D3492FE004EDD38 /* Build configuration list for PBXNativeTarget "TableViewTouchTests" */ = {
			isa = XCConfigurationList;
			buildConfigurations = (
				AC44310C1D3492FE004EDD38 /* Debug */,
				AC44310D1D3492FE004EDD38 /* Release */,
			);
			defaultConfigurationIsVisible = 0;
		};
		AC44310E1D3492FE004EDD38 /* Build configuration list for PBXNativeTarget "TableViewTouchUITests" */ = {
			isa = XCConfigurationList;
			buildConfigurations = (
				AC44310F1D3492FE004EDD38 /* Debug */,
				AC4431101D3492FE004EDD38 /* Release */,
			);
			defaultConfigurationIsVisible = 0;
		};
/* End XCConfigurationList section */
	};
	rootObject = AC4430D31D3492FE004EDD38 /* Project object */;
}
