// !$*UTF8*$!
{
	archiveVersion = 1;
	classes = {
	};
	objectVersion = 46;
	objects = {

/* Begin PBXBuildFile section */
		AC47942C1D48594B002B7A98 /* main.m in Sources */ = {isa = PBXBuildFile; fileRef = AC47942B1D48594B002B7A98 /* main.m */; };
		AC47942F1D48594B002B7A98 /* AppDelegate.m in Sources */ = {isa = PBXBuildFile; fileRef = AC47942E1D48594B002B7A98 /* AppDelegate.m */; };
		AC4794321D48594B002B7A98 /* ViewController.m in Sources */ = {isa = PBXBuildFile; fileRef = AC4794311D48594B002B7A98 /* ViewController.m */; };
		AC4794351D48594B002B7A98 /* Main.storyboard in Resources */ = {isa = PBXBuildFile; fileRef = AC4794331D48594B002B7A98 /* Main.storyboard */; };
		AC4794371D48594B002B7A98 /* Assets.xcassets in Resources */ = {isa = PBXBuildFile; fileRef = AC4794361D48594B002B7A98 /* Assets.xcassets */; };
		AC47943A1D48594B002B7A98 /* LaunchScreen.storyboard in Resources */ = {isa = PBXBuildFile; fileRef = AC4794381D48594B002B7A98 /* LaunchScreen.storyboard */; };
		AC4794451D48594B002B7A98 /* WeChatSDKShareTests.m in Sources */ = {isa = PBXBuildFile; fileRef = AC4794441D48594B002B7A98 /* WeChatSDKShareTests.m */; };
		AC4794501D48594B002B7A98 /* WeChatSDKShareUITests.m in Sources */ = {isa = PBXBuildFile; fileRef = AC47944F1D48594B002B7A98 /* WeChatSDKShareUITests.m */; };
		AC47946E1D486612002B7A98 /* UIKit.framework in Frameworks */ = {isa = PBXBuildFile; fileRef = AC47946D1D486612002B7A98 /* UIKit.framework */; };
		AC4794701D48661B002B7A98 /* CoreGraphics.framework in Frameworks */ = {isa = PBXBuildFile; fileRef = AC47946F1D48661B002B7A98 /* CoreGraphics.framework */; };
		AC4794721D48662B002B7A98 /* Foundation.framework in Frameworks */ = {isa = PBXBuildFile; fileRef = AC4794711D48662B002B7A98 /* Foundation.framework */; };
		AC4794741D48672B002B7A98 /* SystemConfiguration.framework in Frameworks */ = {isa = PBXBuildFile; fileRef = AC4794731D48672B002B7A98 /* SystemConfiguration.framework */; };
		AC4794761D486744002B7A98 /* libc++abi.tbd in Frameworks */ = {isa = PBXBuildFile; fileRef = AC4794751D486744002B7A98 /* libc++abi.tbd */; };
		AC4794781D486751002B7A98 /* CoreTelephony.framework in Frameworks */ = {isa = PBXBuildFile; fileRef = AC4794771D486751002B7A98 /* CoreTelephony.framework */; };
		AC47947A1D48675E002B7A98 /* libsqlite3.tbd in Frameworks */ = {isa = PBXBuildFile; fileRef = AC4794791D48675E002B7A98 /* libsqlite3.tbd */; };
		AC47947C1D486769002B7A98 /* libz.tbd in Frameworks */ = {isa = PBXBuildFile; fileRef = AC47947B1D486769002B7A98 /* libz.tbd */; };
		AC4794801D487379002B7A98 /* kaleidescope 108*108.png in Resources */ = {isa = PBXBuildFile; fileRef = AC47947F1D487379002B7A98 /* kaleidescope 108*108.png */; };
		AC4794AA1D48B755002B7A98 /* ImageIO.framework in Frameworks */ = {isa = PBXBuildFile; fileRef = AC4794A91D48B755002B7A98 /* ImageIO.framework */; };
		AC4794C61D48B7DC002B7A98 /* libWeiboSDK.a in Frameworks */ = {isa = PBXBuildFile; fileRef = AC4794B21D48B7DC002B7A98 /* libWeiboSDK.a */; };
		AC4794C71D48B7DC002B7A98 /* WeiboSDK.bundle in Resources */ = {isa = PBXBuildFile; fileRef = AC4794BC1D48B7DC002B7A98 /* WeiboSDK.bundle */; };
		AC4794C81D48B7DC002B7A98 /* TencentOpenAPI.framework in Frameworks */ = {isa = PBXBuildFile; fileRef = AC4794C01D48B7DC002B7A98 /* TencentOpenAPI.framework */; };
		AC4794C91D48B7DC002B7A98 /* TencentOpenApi_IOS_Bundle.bundle in Resources */ = {isa = PBXBuildFile; fileRef = AC4794C11D48B7DC002B7A98 /* TencentOpenApi_IOS_Bundle.bundle */; };
		AC4794CF1D48B7EE002B7A98 /* UIColor+Hex.m in Sources */ = {isa = PBXBuildFile; fileRef = AC4794CC1D48B7EE002B7A98 /* UIColor+Hex.m */; };
		AC4794D01D48B7EE002B7A98 /* UIView+Frame.m in Sources */ = {isa = PBXBuildFile; fileRef = AC4794CE1D48B7EE002B7A98 /* UIView+Frame.m */; };
		AC4794D51D48B7F5002B7A98 /* XDShareView.m in Sources */ = {isa = PBXBuildFile; fileRef = AC4794D21D48B7F5002B7A98 /* XDShareView.m */; };
		AC4794D61D48B7F5002B7A98 /* XDVerticalButton.m in Sources */ = {isa = PBXBuildFile; fileRef = AC4794D41D48B7F5002B7A98 /* XDVerticalButton.m */; };
		AC4794E61D48B9AB002B7A98 /* copyUrl@2x.png in Resources */ = {isa = PBXBuildFile; fileRef = AC4794D81D48B9AB002B7A98 /* copyUrl@2x.png */; };
		AC4794E71D48B9AB002B7A98 /* copyUrl@3x.png in Resources */ = {isa = PBXBuildFile; fileRef = AC4794D91D48B9AB002B7A98 /* copyUrl@3x.png */; };
		AC4794E81D48B9AB002B7A98 /* sinaweibo@2x.png in Resources */ = {isa = PBXBuildFile; fileRef = AC4794DA1D48B9AB002B7A98 /* sinaweibo@2x.png */; };
		AC4794E91D48B9AB002B7A98 /* sinaweibo@3x.png in Resources */ = {isa = PBXBuildFile; fileRef = AC4794DB1D48B9AB002B7A98 /* sinaweibo@3x.png */; };
		AC4794EA1D48B9AB002B7A98 /* tcentkongjian@2x.png in Resources */ = {isa = PBXBuildFile; fileRef = AC4794DC1D48B9AB002B7A98 /* tcentkongjian@2x.png */; };
		AC4794EB1D48B9AB002B7A98 /* tcentkongjian@3x.png in Resources */ = {isa = PBXBuildFile; fileRef = AC4794DD1D48B9AB002B7A98 /* tcentkongjian@3x.png */; };
		AC4794EC1D48B9AB002B7A98 /* tcentQQ@2x.png in Resources */ = {isa = PBXBuildFile; fileRef = AC4794DE1D48B9AB002B7A98 /* tcentQQ@2x.png */; };
		AC4794ED1D48B9AB002B7A98 /* tcentQQ@3x.png in Resources */ = {isa = PBXBuildFile; fileRef = AC4794DF1D48B9AB002B7A98 /* tcentQQ@3x.png */; };
		AC4794EE1D48B9AB002B7A98 /* tcentWeibo@2x.png in Resources */ = {isa = PBXBuildFile; fileRef = AC4794E01D48B9AB002B7A98 /* tcentWeibo@2x.png */; };
		AC4794EF1D48B9AB002B7A98 /* tcentWeibo@3x.png in Resources */ = {isa = PBXBuildFile; fileRef = AC4794E11D48B9AB002B7A98 /* tcentWeibo@3x.png */; };
		AC4794F01D48B9AB002B7A98 /* wechat@2x.png in Resources */ = {isa = PBXBuildFile; fileRef = AC4794E21D48B9AB002B7A98 /* wechat@2x.png */; };
		AC4794F11D48B9AB002B7A98 /* wechat@3x.png in Resources */ = {isa = PBXBuildFile; fileRef = AC4794E31D48B9AB002B7A98 /* wechat@3x.png */; };
		AC4794F21D48B9AB002B7A98 /* wechatquan@2x.png in Resources */ = {isa = PBXBuildFile; fileRef = AC4794E41D48B9AB002B7A98 /* wechatquan@2x.png */; };
		AC4794F31D48B9AB002B7A98 /* wechatquan@3x.png in Resources */ = {isa = PBXBuildFile; fileRef = AC4794E51D48B9AB002B7A98 /* wechatquan@3x.png */; };
		ACE31DA11D48DADD00567D5D /* XDShareController.m in Sources */ = {isa = PBXBuildFile; fileRef = ACE31DA01D48DADD00567D5D /* XDShareController.m */; };
		ACE31DB11D48E41400567D5D /* README.txt in Resources */ = {isa = PBXBuildFile; fileRef = ACE31DAC1D48E41400567D5D /* README.txt */; };
		ACE31DB31D48E50200567D5D /* libWeChatSDK.a in Frameworks */ = {isa = PBXBuildFile; fileRef = ACE31DB21D48E50200567D5D /* libWeChatSDK.a */; };
/* End PBXBuildFile section */

/* Begin PBXContainerItemProxy section */
		AC4794411D48594B002B7A98 /* PBXContainerItemProxy */ = {
			isa = PBXContainerItemProxy;
			containerPortal = AC47941F1D48594B002B7A98 /* Project object */;
			proxyType = 1;
			remoteGlobalIDString = AC4794261D48594B002B7A98;
			remoteInfo = WeChatSDKShare;
		};
		AC47944C1D48594B002B7A98 /* PBXContainerItemProxy */ = {
			isa = PBXContainerItemProxy;
			containerPortal = AC47941F1D48594B002B7A98 /* Project object */;
			proxyType = 1;
			remoteGlobalIDString = AC4794261D48594B002B7A98;
			remoteInfo = WeChatSDKShare;
		};
/* End PBXContainerItemProxy section */

/* Begin PBXFileReference section */
		AC4794271D48594B002B7A98 /* WeChatSDKShare.app */ = {isa = PBXFileReference; explicitFileType = wrapper.application; includeInIndex = 0; path = WeChatSDKShare.app; sourceTree = BUILT_PRODUCTS_DIR; };
		AC47942B1D48594B002B7A98 /* main.m */ = {isa = PBXFileReference; lastKnownFileType = sourcecode.c.objc; path = main.m; sourceTree = "<group>"; };
		AC47942D1D48594B002B7A98 /* AppDelegate.h */ = {isa = PBXFileReference; lastKnownFileType = sourcecode.c.h; path = AppDelegate.h; sourceTree = "<group>"; };
		AC47942E1D48594B002B7A98 /* AppDelegate.m */ = {isa = PBXFileReference; lastKnownFileType = sourcecode.c.objc; path = AppDelegate.m; sourceTree = "<group>"; };
		AC4794301D48594B002B7A98 /* ViewController.h */ = {isa = PBXFileReference; lastKnownFileType = sourcecode.c.h; path = ViewController.h; sourceTree = "<group>"; };
		AC4794311D48594B002B7A98 /* ViewController.m */ = {isa = PBXFileReference; lastKnownFileType = sourcecode.c.objc; path = ViewController.m; sourceTree = "<group>"; };
		AC4794341D48594B002B7A98 /* Base */ = {isa = PBXFileReference; lastKnownFileType = file.storyboard; name = Base; path = Base.lproj/Main.storyboard; sourceTree = "<group>"; };
		AC4794361D48594B002B7A98 /* Assets.xcassets */ = {isa = PBXFileReference; lastKnownFileType = folder.assetcatalog; path = Assets.xcassets; sourceTree = "<group>"; };
		AC4794391D48594B002B7A98 /* Base */ = {isa = PBXFileReference; lastKnownFileType = file.storyboard; name = Base; path = Base.lproj/LaunchScreen.storyboard; sourceTree = "<group>"; };
		AC47943B1D48594B002B7A98 /* Info.plist */ = {isa = PBXFileReference; lastKnownFileType = text.plist.xml; path = Info.plist; sourceTree = "<group>"; };
		AC4794401D48594B002B7A98 /* WeChatSDKShareTests.xctest */ = {isa = PBXFileReference; explicitFileType = wrapper.cfbundle; includeInIndex = 0; path = WeChatSDKShareTests.xctest; sourceTree = BUILT_PRODUCTS_DIR; };
		AC4794441D48594B002B7A98 /* WeChatSDKShareTests.m */ = {isa = PBXFileReference; lastKnownFileType = sourcecode.c.objc; path = WeChatSDKShareTests.m; sourceTree = "<group>"; };
		AC4794461D48594B002B7A98 /* Info.plist */ = {isa = PBXFileReference; lastKnownFileType = text.plist.xml; path = Info.plist; sourceTree = "<group>"; };
		AC47944B1D48594B002B7A98 /* WeChatSDKShareUITests.xctest */ = {isa = PBXFileReference; explicitFileType = wrapper.cfbundle; includeInIndex = 0; path = WeChatSDKShareUITests.xctest; sourceTree = BUILT_PRODUCTS_DIR; };
		AC47944F1D48594B002B7A98 /* WeChatSDKShareUITests.m */ = {isa = PBXFileReference; lastKnownFileType = sourcecode.c.objc; path = WeChatSDKShareUITests.m; sourceTree = "<group>"; };
		AC4794511D48594B002B7A98 /* Info.plist */ = {isa = PBXFileReference; lastKnownFileType = text.plist.xml; path = Info.plist; sourceTree = "<group>"; };
		AC47946D1D486612002B7A98 /* UIKit.framework */ = {isa = PBXFileReference; lastKnownFileType = wrapper.framework; name = UIKit.framework; path = System/Library/Frameworks/UIKit.framework; sourceTree = SDKROOT; };
		AC47946F1D48661B002B7A98 /* CoreGraphics.framework */ = {isa = PBXFileReference; lastKnownFileType = wrapper.framework; name = CoreGraphics.framework; path = System/Library/Frameworks/CoreGraphics.framework; sourceTree = SDKROOT; };
		AC4794711D48662B002B7A98 /* Foundation.framework */ = {isa = PBXFileReference; lastKnownFileType = wrapper.framework; name = Foundation.framework; path = System/Library/Frameworks/Foundation.framework; sourceTree = SDKROOT; };
		AC4794731D48672B002B7A98 /* SystemConfiguration.framework */ = {isa = PBXFileReference; lastKnownFileType = wrapper.framework; name = SystemConfiguration.framework; path = System/Library/Frameworks/SystemConfiguration.framework; sourceTree = SDKROOT; };
		AC4794751D486744002B7A98 /* libc++abi.tbd */ = {isa = PBXFileReference; lastKnownFileType = "sourcecode.text-based-dylib-definition"; name = "libc++abi.tbd"; path = "usr/lib/libc++abi.tbd"; sourceTree = SDKROOT; };
		AC4794771D486751002B7A98 /* CoreTelephony.framework */ = {isa = PBXFileReference; lastKnownFileType = wrapper.framework; name = CoreTelephony.framework; path = System/Library/Frameworks/CoreTelephony.framework; sourceTree = SDKROOT; };
		AC4794791D48675E002B7A98 /* libsqlite3.tbd */ = {isa = PBXFileReference; lastKnownFileType = "sourcecode.text-based-dylib-definition"; name = libsqlite3.tbd; path = usr/lib/libsqlite3.tbd; sourceTree = SDKROOT; };
		AC47947B1D486769002B7A98 /* libz.tbd */ = {isa = PBXFileReference; lastKnownFileType = "sourcecode.text-based-dylib-definition"; name = libz.tbd; path = usr/lib/libz.tbd; sourceTree = SDKROOT; };
		AC47947F1D487379002B7A98 /* kaleidescope 108*108.png */ = {isa = PBXFileReference; lastKnownFileType = image.png; path = "kaleidescope 108*108.png"; sourceTree = "<group>"; };
		AC4794A91D48B755002B7A98 /* ImageIO.framework */ = {isa = PBXFileReference; lastKnownFileType = wrapper.framework; name = ImageIO.framework; path = System/Library/Frameworks/ImageIO.framework; sourceTree = SDKROOT; };
		AC4794B21D48B7DC002B7A98 /* libWeiboSDK.a */ = {isa = PBXFileReference; lastKnownFileType = archive.ar; path = libWeiboSDK.a; sourceTree = "<group>"; };
		AC4794B31D48B7DC002B7A98 /* WBHttpRequest+WeiboGame.h */ = {isa = PBXFileReference; fileEncoding = 4; lastKnownFileType = sourcecode.c.h; path = "WBHttpRequest+WeiboGame.h"; sourceTree = "<group>"; };
		AC4794B41D48B7DC002B7A98 /* WBHttpRequest+WeiboShare.h */ = {isa = PBXFileReference; fileEncoding = 4; lastKnownFileType = sourcecode.c.h; path = "WBHttpRequest+WeiboShare.h"; sourceTree = "<group>"; };
		AC4794B51D48B7DC002B7A98 /* WBHttpRequest+WeiboToken.h */ = {isa = PBXFileReference; fileEncoding = 4; lastKnownFileType = sourcecode.c.h; path = "WBHttpRequest+WeiboToken.h"; sourceTree = "<group>"; };
		AC4794B61D48B7DC002B7A98 /* WBHttpRequest+WeiboUser.h */ = {isa = PBXFileReference; fileEncoding = 4; lastKnownFileType = sourcecode.c.h; path = "WBHttpRequest+WeiboUser.h"; sourceTree = "<group>"; };
		AC4794B71D48B7DC002B7A98 /* WBHttpRequest.h */ = {isa = PBXFileReference; fileEncoding = 4; lastKnownFileType = sourcecode.c.h; path = WBHttpRequest.h; sourceTree = "<group>"; };
		AC4794B81D48B7DC002B7A98 /* WBSDKBasicButton.h */ = {isa = PBXFileReference; fileEncoding = 4; lastKnownFileType = sourcecode.c.h; path = WBSDKBasicButton.h; sourceTree = "<group>"; };
		AC4794B91D48B7DC002B7A98 /* WBSDKCommentButton.h */ = {isa = PBXFileReference; fileEncoding = 4; lastKnownFileType = sourcecode.c.h; path = WBSDKCommentButton.h; sourceTree = "<group>"; };
		AC4794BA1D48B7DC002B7A98 /* WBSDKRelationshipButton.h */ = {isa = PBXFileReference; fileEncoding = 4; lastKnownFileType = sourcecode.c.h; path = WBSDKRelationshipButton.h; sourceTree = "<group>"; };
		AC4794BB1D48B7DC002B7A98 /* WeiboSDK+Statistics.h */ = {isa = PBXFileReference; fileEncoding = 4; lastKnownFileType = sourcecode.c.h; path = "WeiboSDK+Statistics.h"; sourceTree = "<group>"; };
		AC4794BC1D48B7DC002B7A98 /* WeiboSDK.bundle */ = {isa = PBXFileReference; lastKnownFileType = "wrapper.plug-in"; path = WeiboSDK.bundle; sourceTree = "<group>"; };
		AC4794BD1D48B7DC002B7A98 /* WeiboSDK.h */ = {isa = PBXFileReference; fileEncoding = 4; lastKnownFileType = sourcecode.c.h; path = WeiboSDK.h; sourceTree = "<group>"; };
		AC4794BE1D48B7DC002B7A98 /* WeiboUser.h */ = {isa = PBXFileReference; fileEncoding = 4; lastKnownFileType = sourcecode.c.h; path = WeiboUser.h; sourceTree = "<group>"; };
		AC4794C01D48B7DC002B7A98 /* TencentOpenAPI.framework */ = {isa = PBXFileReference; lastKnownFileType = wrapper.framework; path = TencentOpenAPI.framework; sourceTree = "<group>"; };
		AC4794C11D48B7DC002B7A98 /* TencentOpenApi_IOS_Bundle.bundle */ = {isa = PBXFileReference; lastKnownFileType = "wrapper.plug-in"; path = TencentOpenApi_IOS_Bundle.bundle; sourceTree = "<group>"; };
		AC4794CB1D48B7EE002B7A98 /* UIColor+Hex.h */ = {isa = PBXFileReference; fileEncoding = 4; lastKnownFileType = sourcecode.c.h; path = "UIColor+Hex.h"; sourceTree = "<group>"; };
		AC4794CC1D48B7EE002B7A98 /* UIColor+Hex.m */ = {isa = PBXFileReference; fileEncoding = 4; lastKnownFileType = sourcecode.c.objc; path = "UIColor+Hex.m"; sourceTree = "<group>"; };
		AC4794CD1D48B7EE002B7A98 /* UIView+Frame.h */ = {isa = PBXFileReference; fileEncoding = 4; lastKnownFileType = sourcecode.c.h; path = "UIView+Frame.h"; sourceTree = "<group>"; };
		AC4794CE1D48B7EE002B7A98 /* UIView+Frame.m */ = {isa = PBXFileReference; fileEncoding = 4; lastKnownFileType = sourcecode.c.objc; path = "UIView+Frame.m"; sourceTree = "<group>"; };
		AC4794D11D48B7F5002B7A98 /* XDShareView.h */ = {isa = PBXFileReference; fileEncoding = 4; lastKnownFileType = sourcecode.c.h; path = XDShareView.h; sourceTree = "<group>"; };
		AC4794D21D48B7F5002B7A98 /* XDShareView.m */ = {isa = PBXFileReference; fileEncoding = 4; lastKnownFileType = sourcecode.c.objc; path = XDShareView.m; sourceTree = "<group>"; };
		AC4794D31D48B7F5002B7A98 /* XDVerticalButton.h */ = {isa = PBXFileReference; fileEncoding = 4; lastKnownFileType = sourcecode.c.h; path = XDVerticalButton.h; sourceTree = "<group>"; };
		AC4794D41D48B7F5002B7A98 /* XDVerticalButton.m */ = {isa = PBXFileReference; fileEncoding = 4; lastKnownFileType = sourcecode.c.objc; path = XDVerticalButton.m; sourceTree = "<group>"; };
		AC4794D81D48B9AB002B7A98 /* copyUrl@2x.png */ = {isa = PBXFileReference; lastKnownFileType = image.png; path = "copyUrl@2x.png"; sourceTree = "<group>"; };
		AC4794D91D48B9AB002B7A98 /* copyUrl@3x.png */ = {isa = PBXFileReference; lastKnownFileType = image.png; path = "copyUrl@3x.png"; sourceTree = "<group>"; };
		AC4794DA1D48B9AB002B7A98 /* sinaweibo@2x.png */ = {isa = PBXFileReference; lastKnownFileType = image.png; path = "sinaweibo@2x.png"; sourceTree = "<group>"; };
		AC4794DB1D48B9AB002B7A98 /* sinaweibo@3x.png */ = {isa = PBXFileReference; lastKnownFileType = image.png; path = "sinaweibo@3x.png"; sourceTree = "<group>"; };
		AC4794DC1D48B9AB002B7A98 /* tcentkongjian@2x.png */ = {isa = PBXFileReference; lastKnownFileType = image.png; path = "tcentkongjian@2x.png"; sourceTree = "<group>"; };
		AC4794DD1D48B9AB002B7A98 /* tcentkongjian@3x.png */ = {isa = PBXFileReference; lastKnownFileType = image.png; path = "tcentkongjian@3x.png"; sourceTree = "<group>"; };
		AC4794DE1D48B9AB002B7A98 /* tcentQQ@2x.png */ = {isa = PBXFileReference; lastKnownFileType = image.png; path = "tcentQQ@2x.png"; sourceTree = "<group>"; };
		AC4794DF1D48B9AB002B7A98 /* tcentQQ@3x.png */ = {isa = PBXFileReference; lastKnownFileType = image.png; path = "tcentQQ@3x.png"; sourceTree = "<group>"; };
		AC4794E01D48B9AB002B7A98 /* tcentWeibo@2x.png */ = {isa = PBXFileReference; lastKnownFileType = image.png; path = "tcentWeibo@2x.png"; sourceTree = "<group>"; };
		AC4794E11D48B9AB002B7A98 /* tcentWeibo@3x.png */ = {isa = PBXFileReference; lastKnownFileType = image.png; path = "tcentWeibo@3x.png"; sourceTree = "<group>"; };
		AC4794E21D48B9AB002B7A98 /* wechat@2x.png */ = {isa = PBXFileReference; lastKnownFileType = image.png; path = "wechat@2x.png"; sourceTree = "<group>"; };
		AC4794E31D48B9AB002B7A98 /* wechat@3x.png */ = {isa = PBXFileReference; lastKnownFileType = image.png; path = "wechat@3x.png"; sourceTree = "<group>"; };
		AC4794E41D48B9AB002B7A98 /* wechatquan@2x.png */ = {isa = PBXFileReference; lastKnownFileType = image.png; path = "wechatquan@2x.png"; sourceTree = "<group>"; };
		AC4794E51D48B9AB002B7A98 /* wechatquan@3x.png */ = {isa = PBXFileReference; lastKnownFileType = image.png; path = "wechatquan@3x.png"; sourceTree = "<group>"; };
		ACE31D9F1D48DADD00567D5D /* XDShareController.h */ = {isa = PBXFileReference; fileEncoding = 4; lastKnownFileType = sourcecode.c.h; path = XDShareController.h; sourceTree = "<group>"; };
		ACE31DA01D48DADD00567D5D /* XDShareController.m */ = {isa = PBXFileReference; fileEncoding = 4; lastKnownFileType = sourcecode.c.objc; path = XDShareController.m; sourceTree = "<group>"; };
		ACE31DAC1D48E41400567D5D /* README.txt */ = {isa = PBXFileReference; fileEncoding = 4; lastKnownFileType = text; path = README.txt; sourceTree = "<group>"; };
		ACE31DAD1D48E41400567D5D /* UMSocialWechatHandler.h */ = {isa = PBXFileReference; fileEncoding = 4; lastKnownFileType = sourcecode.c.h; path = UMSocialWechatHandler.h; sourceTree = "<group>"; };
		ACE31DAE1D48E41400567D5D /* WechatAuthSDK.h */ = {isa = PBXFileReference; fileEncoding = 4; lastKnownFileType = sourcecode.c.h; path = WechatAuthSDK.h; sourceTree = "<group>"; };
		ACE31DAF1D48E41400567D5D /* WXApi.h */ = {isa = PBXFileReference; fileEncoding = 4; lastKnownFileType = sourcecode.c.h; path = WXApi.h; sourceTree = "<group>"; };
		ACE31DB01D48E41400567D5D /* WXApiObject.h */ = {isa = PBXFileReference; fileEncoding = 4; lastKnownFileType = sourcecode.c.h; path = WXApiObject.h; sourceTree = "<group>"; };
		ACE31DB21D48E50200567D5D /* libWeChatSDK.a */ = {isa = PBXFileReference; lastKnownFileType = archive.ar; path = libWeChatSDK.a; sourceTree = "<group>"; };
/* End PBXFileReference section */

/* Begin PBXFrameworksBuildPhase section */
		AC4794241D48594B002B7A98 /* Frameworks */ = {
			isa = PBXFrameworksBuildPhase;
			buildActionMask = 2147483647;
			files = (
				AC4794AA1D48B755002B7A98 /* ImageIO.framework in Frameworks */,
				AC47947C1D486769002B7A98 /* libz.tbd in Frameworks */,
				ACE31DB31D48E50200567D5D /* libWeChatSDK.a in Frameworks */,
				AC47947A1D48675E002B7A98 /* libsqlite3.tbd in Frameworks */,
				AC4794781D486751002B7A98 /* CoreTelephony.framework in Frameworks */,
				AC4794761D486744002B7A98 /* libc++abi.tbd in Frameworks */,
				AC4794C61D48B7DC002B7A98 /* libWeiboSDK.a in Frameworks */,
				AC4794741D48672B002B7A98 /* SystemConfiguration.framework in Frameworks */,
				AC4794721D48662B002B7A98 /* Foundation.framework in Frameworks */,
				AC4794C81D48B7DC002B7A98 /* TencentOpenAPI.framework in Frameworks */,
				AC4794701D48661B002B7A98 /* CoreGraphics.framework in Frameworks */,
				AC47946E1D486612002B7A98 /* UIKit.framework in Frameworks */,
			);
			runOnlyForDeploymentPostprocessing = 0;
		};
		AC47943D1D48594B002B7A98 /* Frameworks */ = {
			isa = PBXFrameworksBuildPhase;
			buildActionMask = 2147483647;
			files = (
			);
			runOnlyForDeploymentPostprocessing = 0;
		};
		AC4794481D48594B002B7A98 /* Frameworks */ = {
			isa = PBXFrameworksBuildPhase;
			buildActionMask = 2147483647;
			files = (
			);
			runOnlyForDeploymentPostprocessing = 0;
		};
/* End PBXFrameworksBuildPhase section */

/* Begin PBXGroup section */
		AC47941E1D48594B002B7A98 = {
			isa = PBXGroup;
			children = (
				AC4794A91D48B755002B7A98 /* ImageIO.framework */,
				AC47947B1D486769002B7A98 /* libz.tbd */,
				AC4794791D48675E002B7A98 /* libsqlite3.tbd */,
				AC4794771D486751002B7A98 /* CoreTelephony.framework */,
				AC4794751D486744002B7A98 /* libc++abi.tbd */,
				AC4794291D48594B002B7A98 /* WeChatSDKShare */,
				AC4794431D48594B002B7A98 /* WeChatSDKShareTests */,
				AC47944E1D48594B002B7A98 /* WeChatSDKShareUITests */,
				AC4794281D48594B002B7A98 /* Products */,
			);
			sourceTree = "<group>";
		};
		AC4794281D48594B002B7A98 /* Products */ = {
			isa = PBXGroup;
			children = (
				AC4794271D48594B002B7A98 /* WeChatSDKShare.app */,
				AC4794401D48594B002B7A98 /* WeChatSDKShareTests.xctest */,
				AC47944B1D48594B002B7A98 /* WeChatSDKShareUITests.xctest */,
			);
			name = Products;
			sourceTree = "<group>";
		};
		AC4794291D48594B002B7A98 /* WeChatSDKShare */ = {
			isa = PBXGroup;
			children = (
				AC4794D71D48B9AB002B7A98 /* image */,
				AC4794B01D48B7DC002B7A98 /* SDKs */,
				AC4794641D486058002B7A98 /* Frameworks */,
				AC47942D1D48594B002B7A98 /* AppDelegate.h */,
				AC47942E1D48594B002B7A98 /* AppDelegate.m */,
				AC4794301D48594B002B7A98 /* ViewController.h */,
				AC4794311D48594B002B7A98 /* ViewController.m */,
				AC4794331D48594B002B7A98 /* Main.storyboard */,
				AC4794361D48594B002B7A98 /* Assets.xcassets */,
				AC4794381D48594B002B7A98 /* LaunchScreen.storyboard */,
				AC47943B1D48594B002B7A98 /* Info.plist */,
				AC47942A1D48594B002B7A98 /* Supporting Files */,
			);
			path = WeChatSDKShare;
			sourceTree = "<group>";
		};
		AC47942A1D48594B002B7A98 /* Supporting Files */ = {
			isa = PBXGroup;
			children = (
				AC4794D11D48B7F5002B7A98 /* XDShareView.h */,
				AC4794D21D48B7F5002B7A98 /* XDShareView.m */,
				AC4794D31D48B7F5002B7A98 /* XDVerticalButton.h */,
				AC4794D41D48B7F5002B7A98 /* XDVerticalButton.m */,
				AC4794CB1D48B7EE002B7A98 /* UIColor+Hex.h */,
				AC4794CC1D48B7EE002B7A98 /* UIColor+Hex.m */,
				AC4794CD1D48B7EE002B7A98 /* UIView+Frame.h */,
				AC4794CE1D48B7EE002B7A98 /* UIView+Frame.m */,
				ACE31D9F1D48DADD00567D5D /* XDShareController.h */,
				ACE31DA01D48DADD00567D5D /* XDShareController.m */,
				AC47947F1D487379002B7A98 /* kaleidescope 108*108.png */,
				AC47942B1D48594B002B7A98 /* main.m */,
			);
			name = "Supporting Files";
			sourceTree = "<group>";
		};
		AC4794431D48594B002B7A98 /* WeChatSDKShareTests */ = {
			isa = PBXGroup;
			children = (
				AC4794441D48594B002B7A98 /* WeChatSDKShareTests.m */,
				AC4794461D48594B002B7A98 /* Info.plist */,
			);
			path = WeChatSDKShareTests;
			sourceTree = "<group>";
		};
		AC47944E1D48594B002B7A98 /* WeChatSDKShareUITests */ = {
			isa = PBXGroup;
			children = (
				AC47944F1D48594B002B7A98 /* WeChatSDKShareUITests.m */,
				AC4794511D48594B002B7A98 /* Info.plist */,
			);
			path = WeChatSDKShareUITests;
			sourceTree = "<group>";
		};
		AC4794641D486058002B7A98 /* Frameworks */ = {
			isa = PBXGroup;
			children = (
				AC4794731D48672B002B7A98 /* SystemConfiguration.framework */,
				AC4794711D48662B002B7A98 /* Foundation.framework */,
				AC47946F1D48661B002B7A98 /* CoreGraphics.framework */,
				AC47946D1D486612002B7A98 /* UIKit.framework */,
			);
			name = Frameworks;
			path = SDKs/Frameworks;
			sourceTree = "<group>";
		};
		AC4794B01D48B7DC002B7A98 /* SDKs */ = {
			isa = PBXGroup;
			children = (
				ACE31DAB1D48E41400567D5D /* Wechat */,
				AC4794B11D48B7DC002B7A98 /* SinaSSO */,
				AC4794BF1D48B7DC002B7A98 /* TencentOpenAPI */,
			);
			path = SDKs;
			sourceTree = "<group>";
		};
		AC4794B11D48B7DC002B7A98 /* SinaSSO */ = {
			isa = PBXGroup;
			children = (
				AC4794B21D48B7DC002B7A98 /* libWeiboSDK.a */,
				AC4794B31D48B7DC002B7A98 /* WBHttpRequest+WeiboGame.h */,
				AC4794B41D48B7DC002B7A98 /* WBHttpRequest+WeiboShare.h */,
				AC4794B51D48B7DC002B7A98 /* WBHttpRequest+WeiboToken.h */,
				AC4794B61D48B7DC002B7A98 /* WBHttpRequest+WeiboUser.h */,
				AC4794B71D48B7DC002B7A98 /* WBHttpRequest.h */,
				AC4794B81D48B7DC002B7A98 /* WBSDKBasicButton.h */,
				AC4794B91D48B7DC002B7A98 /* WBSDKCommentButton.h */,
				AC4794BA1D48B7DC002B7A98 /* WBSDKRelationshipButton.h */,
				AC4794BB1D48B7DC002B7A98 /* WeiboSDK+Statistics.h */,
				AC4794BC1D48B7DC002B7A98 /* WeiboSDK.bundle */,
				AC4794BD1D48B7DC002B7A98 /* WeiboSDK.h */,
				AC4794BE1D48B7DC002B7A98 /* WeiboUser.h */,
			);
			path = SinaSSO;
			sourceTree = "<group>";
		};
		AC4794BF1D48B7DC002B7A98 /* TencentOpenAPI */ = {
			isa = PBXGroup;
			children = (
				AC4794C01D48B7DC002B7A98 /* TencentOpenAPI.framework */,
				AC4794C11D48B7DC002B7A98 /* TencentOpenApi_IOS_Bundle.bundle */,
			);
			path = TencentOpenAPI;
			sourceTree = "<group>";
		};
		AC4794D71D48B9AB002B7A98 /* image */ = {
			isa = PBXGroup;
			children = (
				AC4794D81D48B9AB002B7A98 /* copyUrl@2x.png */,
				AC4794D91D48B9AB002B7A98 /* copyUrl@3x.png */,
				AC4794DA1D48B9AB002B7A98 /* sinaweibo@2x.png */,
				AC4794DB1D48B9AB002B7A98 /* sinaweibo@3x.png */,
				AC4794DC1D48B9AB002B7A98 /* tcentkongjian@2x.png */,
				AC4794DD1D48B9AB002B7A98 /* tcentkongjian@3x.png */,
				AC4794DE1D48B9AB002B7A98 /* tcentQQ@2x.png */,
				AC4794DF1D48B9AB002B7A98 /* tcentQQ@3x.png */,
				AC4794E01D48B9AB002B7A98 /* tcentWeibo@2x.png */,
				AC4794E11D48B9AB002B7A98 /* tcentWeibo@3x.png */,
				AC4794E21D48B9AB002B7A98 /* wechat@2x.png */,
				AC4794E31D48B9AB002B7A98 /* wechat@3x.png */,
				AC4794E41D48B9AB002B7A98 /* wechatquan@2x.png */,
				AC4794E51D48B9AB002B7A98 /* wechatquan@3x.png */,
			);
			path = image;
			sourceTree = "<group>";
		};
		ACE31DAB1D48E41400567D5D /* Wechat */ = {
			isa = PBXGroup;
			children = (
				ACE31DB21D48E50200567D5D /* libWeChatSDK.a */,
				ACE31DAC1D48E41400567D5D /* README.txt */,
				ACE31DAD1D48E41400567D5D /* UMSocialWechatHandler.h */,
				ACE31DAE1D48E41400567D5D /* WechatAuthSDK.h */,
				ACE31DAF1D48E41400567D5D /* WXApi.h */,
				ACE31DB01D48E41400567D5D /* WXApiObject.h */,
			);
			name = Wechat;
			path = TencentOpenAPI/Wechat;
			sourceTree = "<group>";
		};
/* End PBXGroup section */

/* Begin PBXNativeTarget section */
		AC4794261D48594B002B7A98 /* WeChatSDKShare */ = {
			isa = PBXNativeTarget;
			buildConfigurationList = AC4794541D48594B002B7A98 /* Build configuration list for PBXNativeTarget "WeChatSDKShare" */;
			buildPhases = (
				AC4794231D48594B002B7A98 /* Sources */,
				AC4794241D48594B002B7A98 /* Frameworks */,
				AC4794251D48594B002B7A98 /* Resources */,
			);
			buildRules = (
			);
			dependencies = (
			);
			name = WeChatSDKShare;
			productName = WeChatSDKShare;
			productReference = AC4794271D48594B002B7A98 /* WeChatSDKShare.app */;
			productType = "com.apple.product-type.application";
		};
		AC47943F1D48594B002B7A98 /* WeChatSDKShareTests */ = {
			isa = PBXNativeTarget;
			buildConfigurationList = AC4794571D48594B002B7A98 /* Build configuration list for PBXNativeTarget "WeChatSDKShareTests" */;
			buildPhases = (
				AC47943C1D48594B002B7A98 /* Sources */,
				AC47943D1D48594B002B7A98 /* Frameworks */,
				AC47943E1D48594B002B7A98 /* Resources */,
			);
			buildRules = (
			);
			dependencies = (
				AC4794421D48594B002B7A98 /* PBXTargetDependency */,
			);
			name = WeChatSDKShareTests;
			productName = WeChatSDKShareTests;
			productReference = AC4794401D48594B002B7A98 /* WeChatSDKShareTests.xctest */;
			productType = "com.apple.product-type.bundle.unit-test";
		};
		AC47944A1D48594B002B7A98 /* WeChatSDKShareUITests */ = {
			isa = PBXNativeTarget;
			buildConfigurationList = AC47945A1D48594B002B7A98 /* Build configuration list for PBXNativeTarget "WeChatSDKShareUITests" */;
			buildPhases = (
				AC4794471D48594B002B7A98 /* Sources */,
				AC4794481D48594B002B7A98 /* Frameworks */,
				AC4794491D48594B002B7A98 /* Resources */,
			);
			buildRules = (
			);
			dependencies = (
				AC47944D1D48594B002B7A98 /* PBXTargetDependency */,
			);
			name = WeChatSDKShareUITests;
			productName = WeChatSDKShareUITests;
			productReference = AC47944B1D48594B002B7A98 /* WeChatSDKShareUITests.xctest */;
			productType = "com.apple.product-type.bundle.ui-testing";
		};
/* End PBXNativeTarget section */

/* Begin PBXProject section */
		AC47941F1D48594B002B7A98 /* Project object */ = {
			isa = PBXProject;
			attributes = {
				LastUpgradeCheck = 0730;
				ORGANIZATIONNAME = JiangWang;
				TargetAttributes = {
					AC4794261D48594B002B7A98 = {
						CreatedOnToolsVersion = 7.3.1;
						DevelopmentTeam = Y39R442P5T;
					};
					AC47943F1D48594B002B7A98 = {
						CreatedOnToolsVersion = 7.3.1;
						TestTargetID = AC4794261D48594B002B7A98;
					};
					AC47944A1D48594B002B7A98 = {
						CreatedOnToolsVersion = 7.3.1;
						TestTargetID = AC4794261D48594B002B7A98;
					};
				};
			};
			buildConfigurationList = AC4794221D48594B002B7A98 /* Build configuration list for PBXProject "WeChatSDKShare" */;
			compatibilityVersion = "Xcode 3.2";
			developmentRegion = English;
			hasScannedForEncodings = 0;
			knownRegions = (
				en,
				Base,
			);
			mainGroup = AC47941E1D48594B002B7A98;
			productRefGroup = AC4794281D48594B002B7A98 /* Products */;
			projectDirPath = "";
			projectRoot = "";
			targets = (
				AC4794261D48594B002B7A98 /* WeChatSDKShare */,
				AC47943F1D48594B002B7A98 /* WeChatSDKShareTests */,
				AC47944A1D48594B002B7A98 /* WeChatSDKShareUITests */,
			);
		};
/* End PBXProject section */

/* Begin PBXResourcesBuildPhase section */
		AC4794251D48594B002B7A98 /* Resources */ = {
			isa = PBXResourcesBuildPhase;
			buildActionMask = 2147483647;
			files = (
				AC4794C91D48B7DC002B7A98 /* TencentOpenApi_IOS_Bundle.bundle in Resources */,
				AC4794801D487379002B7A98 /* kaleidescope 108*108.png in Resources */,
				AC4794E71D48B9AB002B7A98 /* copyUrl@3x.png in Resources */,
				AC4794F01D48B9AB002B7A98 /* wechat@2x.png in Resources */,
				AC4794EF1D48B9AB002B7A98 /* tcentWeibo@3x.png in Resources */,
				AC4794EC1D48B9AB002B7A98 /* tcentQQ@2x.png in Resources */,
				AC4794E61D48B9AB002B7A98 /* copyUrl@2x.png in Resources */,
				AC47943A1D48594B002B7A98 /* LaunchScreen.storyboard in Resources */,
				AC4794EB1D48B9AB002B7A98 /* tcentkongjian@3x.png in Resources */,
				AC4794C71D48B7DC002B7A98 /* WeiboSDK.bundle in Resources */,
				AC4794371D48594B002B7A98 /* Assets.xcassets in Resources */,
				AC4794E81D48B9AB002B7A98 /* sinaweibo@2x.png in Resources */,
				AC4794F31D48B9AB002B7A98 /* wechatquan@3x.png in Resources */,
				AC4794F21D48B9AB002B7A98 /* wechatquan@2x.png in Resources */,
				AC4794EE1D48B9AB002B7A98 /* tcentWeibo@2x.png in Resources */,
				AC4794ED1D48B9AB002B7A98 /* tcentQQ@3x.png in Resources */,
				AC4794EA1D48B9AB002B7A98 /* tcentkongjian@2x.png in Resources */,
				AC4794F11D48B9AB002B7A98 /* wechat@3x.png in Resources */,
				AC4794351D48594B002B7A98 /* Main.storyboard in Resources */,
				ACE31DB11D48E41400567D5D /* README.txt in Resources */,
				AC4794E91D48B9AB002B7A98 /* sinaweibo@3x.png in Resources */,
			);
			runOnlyForDeploymentPostprocessing = 0;
		};
		AC47943E1D48594B002B7A98 /* Resources */ = {
			isa = PBXResourcesBuildPhase;
			buildActionMask = 2147483647;
			files = (
			);
			runOnlyForDeploymentPostprocessing = 0;
		};
		AC4794491D48594B002B7A98 /* Resources */ = {
			isa = PBXResourcesBuildPhase;
			buildActionMask = 2147483647;
			files = (
			);
			runOnlyForDeploymentPostprocessing = 0;
		};
/* End PBXResourcesBuildPhase section */

/* Begin PBXSourcesBuildPhase section */
		AC4794231D48594B002B7A98 /* Sources */ = {
			isa = PBXSourcesBuildPhase;
			buildActionMask = 2147483647;
			files = (
				AC4794D51D48B7F5002B7A98 /* XDShareView.m in Sources */,
				ACE31DA11D48DADD00567D5D /* XDShareController.m in Sources */,
				AC4794321D48594B002B7A98 /* ViewController.m in Sources */,
				AC4794CF1D48B7EE002B7A98 /* UIColor+Hex.m in Sources */,
				AC47942F1D48594B002B7A98 /* AppDelegate.m in Sources */,
				AC4794D01D48B7EE002B7A98 /* UIView+Frame.m in Sources */,
				AC47942C1D48594B002B7A98 /* main.m in Sources */,
				AC4794D61D48B7F5002B7A98 /* XDVerticalButton.m in Sources */,
			);
			runOnlyForDeploymentPostprocessing = 0;
		};
		AC47943C1D48594B002B7A98 /* Sources */ = {
			isa = PBXSourcesBuildPhase;
			buildActionMask = 2147483647;
			files = (
				AC4794451D48594B002B7A98 /* WeChatSDKShareTests.m in Sources */,
			);
			runOnlyForDeploymentPostprocessing = 0;
		};
		AC4794471D48594B002B7A98 /* Sources */ = {
			isa = PBXSourcesBuildPhase;
			buildActionMask = 2147483647;
			files = (
				AC4794501D48594B002B7A98 /* WeChatSDKShareUITests.m in Sources */,
			);
			runOnlyForDeploymentPostprocessing = 0;
		};
/* End PBXSourcesBuildPhase section */

/* Begin PBXTargetDependency section */
		AC4794421D48594B002B7A98 /* PBXTargetDependency */ = {
			isa = PBXTargetDependency;
			target = AC4794261D48594B002B7A98 /* WeChatSDKShare */;
			targetProxy = AC4794411D48594B002B7A98 /* PBXContainerItemProxy */;
		};
		AC47944D1D48594B002B7A98 /* PBXTargetDependency */ = {
			isa = PBXTargetDependency;
			target = AC4794261D48594B002B7A98 /* WeChatSDKShare */;
			targetProxy = AC47944C1D48594B002B7A98 /* PBXContainerItemProxy */;
		};
/* End PBXTargetDependency section */

/* Begin PBXVariantGroup section */
		AC4794331D48594B002B7A98 /* Main.storyboard */ = {
			isa = PBXVariantGroup;
			children = (
				AC4794341D48594B002B7A98 /* Base */,
			);
			name = Main.storyboard;
			sourceTree = "<group>";
		};
		AC4794381D48594B002B7A98 /* LaunchScreen.storyboard */ = {
			isa = PBXVariantGroup;
			children = (
				AC4794391D48594B002B7A98 /* Base */,
			);
			name = LaunchScreen.storyboard;
			sourceTree = "<group>";
		};
/* End PBXVariantGroup section */

/* Begin XCBuildConfiguration section */
		AC4794521D48594B002B7A98 /* Debug */ = {
			isa = XCBuildConfiguration;
			buildSettings = {
				ALWAYS_SEARCH_USER_PATHS = NO;
				CLANG_ANALYZER_NONNULL = YES;
				CLANG_CXX_LANGUAGE_STANDARD = "gnu++0x";
				CLANG_CXX_LIBRARY = "libc++";
				CLANG_ENABLE_MODULES = YES;
				CLANG_ENABLE_OBJC_ARC = YES;
				CLANG_WARN_BOOL_CONVERSION = YES;
				CLANG_WARN_CONSTANT_CONVERSION = YES;
				CLANG_WARN_DIRECT_OBJC_ISA_USAGE = YES_ERROR;
				CLANG_WARN_EMPTY_BODY = YES;
				CLANG_WARN_ENUM_CONVERSION = YES;
				CLANG_WARN_INT_CONVERSION = YES;
				CLANG_WARN_OBJC_ROOT_CLASS = YES_ERROR;
				CLANG_WARN_UNREACHABLE_CODE = YES;
				CLANG_WARN__DUPLICATE_METHOD_MATCH = YES;
				"CODE_SIGN_IDENTITY[sdk=iphoneos*]" = "iPhone Developer";
				COPY_PHASE_STRIP = NO;
				DEBUG_INFORMATION_FORMAT = dwarf;
				ENABLE_STRICT_OBJC_MSGSEND = YES;
				ENABLE_TESTABILITY = YES;
				GCC_C_LANGUAGE_STANDARD = gnu99;
				GCC_DYNAMIC_NO_PIC = NO;
				GCC_NO_COMMON_BLOCKS = YES;
				GCC_OPTIMIZATION_LEVEL = 0;
				GCC_PREPROCESSOR_DEFINITIONS = (
					"DEBUG=1",
					"$(inherited)",
				);
				GCC_WARN_64_TO_32_BIT_CONVERSION = YES;
				GCC_WARN_ABOUT_RETURN_TYPE = YES_ERROR;
				GCC_WARN_UNDECLARED_SELECTOR = YES;
				GCC_WARN_UNINITIALIZED_AUTOS = YES_AGGRESSIVE;
				GCC_WARN_UNUSED_FUNCTION = YES;
				GCC_WARN_UNUSED_VARIABLE = YES;
				IPHONEOS_DEPLOYMENT_TARGET = 9.3;
				MTL_ENABLE_DEBUG_INFO = YES;
				ONLY_ACTIVE_ARCH = YES;
				SDKROOT = iphoneos;
				TARGETED_DEVICE_FAMILY = "1,2";
			};
			name = Debug;
		};
		AC4794531D48594B002B7A98 /* Release */ = {
			isa = XCBuildConfiguration;
			buildSettings = {
				ALWAYS_SEARCH_USER_PATHS = NO;
				CLANG_ANALYZER_NONNULL = YES;
				CLANG_CXX_LANGUAGE_STANDARD = "gnu++0x";
				CLANG_CXX_LIBRARY = "libc++";
				CLANG_ENABLE_MODULES = YES;
				CLANG_ENABLE_OBJC_ARC = YES;
				CLANG_WARN_BOOL_CONVERSION = YES;
				CLANG_WARN_CONSTANT_CONVERSION = YES;
				CLANG_WARN_DIRECT_OBJC_ISA_USAGE = YES_ERROR;
				CLANG_WARN_EMPTY_BODY = YES;
				CLANG_WARN_ENUM_CONVERSION = YES;
				CLANG_WARN_INT_CONVERSION = YES;
				CLANG_WARN_OBJC_ROOT_CLASS = YES_ERROR;
				CLANG_WARN_UNREACHABLE_CODE = YES;
				CLANG_WARN__DUPLICATE_METHOD_MATCH = YES;
				"CODE_SIGN_IDENTITY[sdk=iphoneos*]" = "iPhone Developer";
				COPY_PHASE_STRIP = NO;
				DEBUG_INFORMATION_FORMAT = "dwarf-with-dsym";
				ENABLE_NS_ASSERTIONS = NO;
				ENABLE_STRICT_OBJC_MSGSEND = YES;
				GCC_C_LANGUAGE_STANDARD = gnu99;
				GCC_NO_COMMON_BLOCKS = YES;
				GCC_WARN_64_TO_32_BIT_CONVERSION = YES;
				GCC_WARN_ABOUT_RETURN_TYPE = YES_ERROR;
				GCC_WARN_UNDECLARED_SELECTOR = YES;
				GCC_WARN_UNINITIALIZED_AUTOS = YES_AGGRESSIVE;
				GCC_WARN_UNUSED_FUNCTION = YES;
				GCC_WARN_UNUSED_VARIABLE = YES;
				IPHONEOS_DEPLOYMENT_TARGET = 9.3;
				MTL_ENABLE_DEBUG_INFO = NO;
				SDKROOT = iphoneos;
				TARGETED_DEVICE_FAMILY = "1,2";
				VALIDATE_PRODUCT = YES;
			};
			name = Release;
		};
		AC4794551D48594B002B7A98 /* Debug */ = {
			isa = XCBuildConfiguration;
			buildSettings = {
				ASSETCATALOG_COMPILER_APPICON_NAME = AppIcon;
				CODE_SIGN_IDENTITY = "iPhone Developer";
				"CODE_SIGN_IDENTITY[sdk=iphoneos*]" = "iPhone Developer";
				FRAMEWORK_SEARCH_PATHS = (
					"$(inherited)",
					"$(PROJECT_DIR)/WeChatSDKShare/SDKs/TencentOpenAPI",
				);
				INFOPLIST_FILE = WeChatSDKShare/Info.plist;
				IPHONEOS_DEPLOYMENT_TARGET = 8.0;
				LD_RUNPATH_SEARCH_PATHS = "$(inherited) @executable_path/Frameworks";
				LIBRARY_SEARCH_PATHS = (
					"$(inherited)",
					"$(PROJECT_DIR)/WeChatSDKShare/SDKs",
					"$(PROJECT_DIR)/WeChatSDKShare/SDKs/Wechat",
					"$(PROJECT_DIR)/WeChatSDKShare/SDKs/SinaSSO",
					"$(PROJECT_DIR)/WeChatSDKShare/SDKs/TencentOpenAPI/Wechat",
				);
				PRODUCT_BUNDLE_IDENTIFIER = com.jiangwang.WeChatSDKShare;
				PRODUCT_NAME = "$(TARGET_NAME)";
				PROVISIONING_PROFILE = "";
			};
			name = Debug;
		};
		AC4794561D48594B002B7A98 /* Release */ = {
			isa = XCBuildConfiguration;
			buildSettings = {
				ASSETCATALOG_COMPILER_APPICON_NAME = AppIcon;
				CODE_SIGN_IDENTITY = "iPhone Developer";
				"CODE_SIGN_IDENTITY[sdk=iphoneos*]" = "iPhone Developer";
				FRAMEWORK_SEARCH_PATHS = (
					"$(inherited)",
					"$(PROJECT_DIR)/WeChatSDKShare/SDKs/TencentOpenAPI",
				);
				INFOPLIST_FILE = WeChatSDKShare/Info.plist;
				IPHONEOS_DEPLOYMENT_TARGET = 8.0;
				LD_RUNPATH_SEARCH_PATHS = "$(inherited) @executable_path/Frameworks";
				LIBRARY_SEARCH_PATHS = (
					"$(inherited)",
					"$(PROJECT_DIR)/WeChatSDKShare/SDKs",
					"$(PROJECT_DIR)/WeChatSDKShare/SDKs/Wechat",
					"$(PROJECT_DIR)/WeChatSDKShare/SDKs/SinaSSO",
					"$(PROJECT_DIR)/WeChatSDKShare/SDKs/TencentOpenAPI/Wechat",
				);
				PRODUCT_BUNDLE_IDENTIFIER = com.jiangwang.WeChatSDKShare;
				PRODUCT_NAME = "$(TARGET_NAME)";
				PROVISIONING_PROFILE = "";
			};
			name = Release;
		};
		AC4794581D48594B002B7A98 /* Debug */ = {
			isa = XCBuildConfiguration;
			buildSettings = {
				BUNDLE_LOADER = "$(TEST_HOST)";
				INFOPLIST_FILE = WeChatSDKShareTests/Info.plist;
				LD_RUNPATH_SEARCH_PATHS = "$(inherited) @executable_path/Frameworks @loader_path/Frameworks";
				PRODUCT_BUNDLE_IDENTIFIER = com.jiangwang.WeChatSDKShareTests;
				PRODUCT_NAME = "$(TARGET_NAME)";
				TEST_HOST = "$(BUILT_PRODUCTS_DIR)/WeChatSDKShare.app/WeChatSDKShare";
			};
			name = Debug;
		};
		AC4794591D48594B002B7A98 /* Release */ = {
			isa = XCBuildConfiguration;
			buildSettings = {
				BUNDLE_LOADER = "$(TEST_HOST)";
				INFOPLIST_FILE = WeChatSDKShareTests/Info.plist;
				LD_RUNPATH_SEARCH_PATHS = "$(inherited) @executable_path/Frameworks @loader_path/Frameworks";
				PRODUCT_BUNDLE_IDENTIFIER = com.jiangwang.WeChatSDKShareTests;
				PRODUCT_NAME = "$(TARGET_NAME)";
				TEST_HOST = "$(BUILT_PRODUCTS_DIR)/WeChatSDKShare.app/WeChatSDKShare";
			};
			name = Release;
		};
		AC47945B1D48594B002B7A98 /* Debug */ = {
			isa = XCBuildConfiguration;
			buildSettings = {
				INFOPLIST_FILE = WeChatSDKShareUITests/Info.plist;
				LD_RUNPATH_SEARCH_PATHS = "$(inherited) @executable_path/Frameworks @loader_path/Frameworks";
				PRODUCT_BUNDLE_IDENTIFIER = com.jiangwang.WeChatSDKShareUITests;
				PRODUCT_NAME = "$(TARGET_NAME)";
				TEST_TARGET_NAME = WeChatSDKShare;
			};
			name = Debug;
		};
		AC47945C1D48594B002B7A98 /* Release */ = {
			isa = XCBuildConfiguration;
			buildSettings = {
				INFOPLIST_FILE = WeChatSDKShareUITests/Info.plist;
				LD_RUNPATH_SEARCH_PATHS = "$(inherited) @executable_path/Frameworks @loader_path/Frameworks";
				PRODUCT_BUNDLE_IDENTIFIER = com.jiangwang.WeChatSDKShareUITests;
				PRODUCT_NAME = "$(TARGET_NAME)";
				TEST_TARGET_NAME = WeChatSDKShare;
			};
			name = Release;
		};
/* End XCBuildConfiguration section */

/* Begin XCConfigurationList section */
		AC4794221D48594B002B7A98 /* Build configuration list for PBXProject "WeChatSDKShare" */ = {
			isa = XCConfigurationList;
			buildConfigurations = (
				AC4794521D48594B002B7A98 /* Debug */,
				AC4794531D48594B002B7A98 /* Release */,
			);
			defaultConfigurationIsVisible = 0;
			defaultConfigurationName = Release;
		};
		AC4794541D48594B002B7A98 /* Build configuration list for PBXNativeTarget "WeChatSDKShare" */ = {
			isa = XCConfigurationList;
			buildConfigurations = (
				AC4794551D48594B002B7A98 /* Debug */,
				AC4794561D48594B002B7A98 /* Release */,
			);
			defaultConfigurationIsVisible = 0;
			defaultConfigurationName = Release;
		};
		AC4794571D48594B002B7A98 /* Build configuration list for PBXNativeTarget "WeChatSDKShareTests" */ = {
			isa = XCConfigurationList;
			buildConfigurations = (
				AC4794581D48594B002B7A98 /* Debug */,
				AC4794591D48594B002B7A98 /* Release */,
			);
			defaultConfigurationIsVisible = 0;
			defaultConfigurationName = Release;
		};
		AC47945A1D48594B002B7A98 /* Build configuration list for PBXNativeTarget "WeChatSDKShareUITests" */ = {
			isa = XCConfigurationList;
			buildConfigurations = (
				AC47945B1D48594B002B7A98 /* Debug */,
				AC47945C1D48594B002B7A98 /* Release */,
			);
			defaultConfigurationIsVisible = 0;
			defaultConfigurationName = Release;
		};
/* End XCConfigurationList section */
	};
	rootObject = AC47941F1D48594B002B7A98 /* Project object */;
}
