// !$*UTF8*$!
{
	archiveVersion = 1;
	classes = {
	};
	objectVersion = 46;
	objects = {

/* Begin PBXBuildFile section */
		AC0266851D473ABB00DE48E8 /* main.m in Sources */ = {isa = PBXBuildFile; fileRef = AC0266841D473ABB00DE48E8 /* main.m */; };
		AC0266881D473ABB00DE48E8 /* AppDelegate.m in Sources */ = {isa = PBXBuildFile; fileRef = AC0266871D473ABB00DE48E8 /* AppDelegate.m */; };
		AC02668E1D473ABB00DE48E8 /* Main.storyboard in Resources */ = {isa = PBXBuildFile; fileRef = AC02668C1D473ABB00DE48E8 /* Main.storyboard */; };
		AC0266901D473ABB00DE48E8 /* Assets.xcassets in Resources */ = {isa = PBXBuildFile; fileRef = AC02668F1D473ABB00DE48E8 /* Assets.xcassets */; };
		AC0266931D473ABB00DE48E8 /* LaunchScreen.storyboard in Resources */ = {isa = PBXBuildFile; fileRef = AC0266911D473ABB00DE48E8 /* LaunchScreen.storyboard */; };
		AC02669E1D473ABB00DE48E8 /* MaxNumberInputTextViewTests.m in Sources */ = {isa = PBXBuildFile; fileRef = AC02669D1D473ABB00DE48E8 /* MaxNumberInputTextViewTests.m */; };
		AC0266A91D473ABB00DE48E8 /* MaxNumberInputTextViewUITests.m in Sources */ = {isa = PBXBuildFile; fileRef = AC0266A81D473ABB00DE48E8 /* MaxNumberInputTextViewUITests.m */; };
		AC0266B81D473AFD00DE48E8 /* XDPublicChatController.m in Sources */ = {isa = PBXBuildFile; fileRef = AC0266B71D473AFD00DE48E8 /* XDPublicChatController.m */; };
		AC0266BB1D473B6800DE48E8 /* XDInputLimitTextView.m in Sources */ = {isa = PBXBuildFile; fileRef = AC0266BA1D473B6800DE48E8 /* XDInputLimitTextView.m */; };
		AC0266BE1D473CAD00DE48E8 /* ParentViewController.m in Sources */ = {isa = PBXBuildFile; fileRef = AC0266BD1D473CAD00DE48E8 /* ParentViewController.m */; };
/* End PBXBuildFile section */

/* Begin PBXContainerItemProxy section */
		AC02669A1D473ABB00DE48E8 /* PBXContainerItemProxy */ = {
			isa = PBXContainerItemProxy;
			containerPortal = AC0266781D473ABB00DE48E8 /* Project object */;
			proxyType = 1;
			remoteGlobalIDString = AC02667F1D473ABB00DE48E8;
			remoteInfo = MaxNumberInputTextView;
		};
		AC0266A51D473ABB00DE48E8 /* PBXContainerItemProxy */ = {
			isa = PBXContainerItemProxy;
			containerPortal = AC0266781D473ABB00DE48E8 /* Project object */;
			proxyType = 1;
			remoteGlobalIDString = AC02667F1D473ABB00DE48E8;
			remoteInfo = MaxNumberInputTextView;
		};
/* End PBXContainerItemProxy section */

/* Begin PBXFileReference section */
		AC0266801D473ABB00DE48E8 /* MaxNumberInputTextView.app */ = {isa = PBXFileReference; explicitFileType = wrapper.application; includeInIndex = 0; path = MaxNumberInputTextView.app; sourceTree = BUILT_PRODUCTS_DIR; };
		AC0266841D473ABB00DE48E8 /* main.m */ = {isa = PBXFileReference; lastKnownFileType = sourcecode.c.objc; path = main.m; sourceTree = "<group>"; };
		AC0266861D473ABB00DE48E8 /* AppDelegate.h */ = {isa = PBXFileReference; lastKnownFileType = sourcecode.c.h; path = AppDelegate.h; sourceTree = "<group>"; };
		AC0266871D473ABB00DE48E8 /* AppDelegate.m */ = {isa = PBXFileReference; lastKnownFileType = sourcecode.c.objc; path = AppDelegate.m; sourceTree = "<group>"; };
		AC02668D1D473ABB00DE48E8 /* Base */ = {isa = PBXFileReference; lastKnownFileType = file.storyboard; name = Base; path = Base.lproj/Main.storyboard; sourceTree = "<group>"; };
		AC02668F1D473ABB00DE48E8 /* Assets.xcassets */ = {isa = PBXFileReference; lastKnownFileType = folder.assetcatalog; path = Assets.xcassets; sourceTree = "<group>"; };
		AC0266921D473ABB00DE48E8 /* Base */ = {isa = PBXFileReference; lastKnownFileType = file.storyboard; name = Base; path = Base.lproj/LaunchScreen.storyboard; sourceTree = "<group>"; };
		AC0266941D473ABB00DE48E8 /* Info.plist */ = {isa = PBXFileReference; lastKnownFileType = text.plist.xml; path = Info.plist; sourceTree = "<group>"; };
		AC0266991D473ABB00DE48E8 /* MaxNumberInputTextViewTests.xctest */ = {isa = PBXFileReference; explicitFileType = wrapper.cfbundle; includeInIndex = 0; path = MaxNumberInputTextViewTests.xctest; sourceTree = BUILT_PRODUCTS_DIR; };
		AC02669D1D473ABB00DE48E8 /* MaxNumberInputTextViewTests.m */ = {isa = PBXFileReference; lastKnownFileType = sourcecode.c.objc; path = MaxNumberInputTextViewTests.m; sourceTree = "<group>"; };
		AC02669F1D473ABB00DE48E8 /* Info.plist */ = {isa = PBXFileReference; lastKnownFileType = text.plist.xml; path = Info.plist; sourceTree = "<group>"; };
		AC0266A41D473ABB00DE48E8 /* MaxNumberInputTextViewUITests.xctest */ = {isa = PBXFileReference; explicitFileType = wrapper.cfbundle; includeInIndex = 0; path = MaxNumberInputTextViewUITests.xctest; sourceTree = BUILT_PRODUCTS_DIR; };
		AC0266A81D473ABB00DE48E8 /* MaxNumberInputTextViewUITests.m */ = {isa = PBXFileReference; lastKnownFileType = sourcecode.c.objc; path = MaxNumberInputTextViewUITests.m; sourceTree = "<group>"; };
		AC0266AA1D473ABB00DE48E8 /* Info.plist */ = {isa = PBXFileReference; lastKnownFileType = text.plist.xml; path = Info.plist; sourceTree = "<group>"; };
		AC0266B61D473AFD00DE48E8 /* XDPublicChatController.h */ = {isa = PBXFileReference; fileEncoding = 4; lastKnownFileType = sourcecode.c.h; path = XDPublicChatController.h; sourceTree = "<group>"; };
		AC0266B71D473AFD00DE48E8 /* XDPublicChatController.m */ = {isa = PBXFileReference; fileEncoding = 4; lastKnownFileType = sourcecode.c.objc; path = XDPublicChatController.m; sourceTree = "<group>"; };
		AC0266B91D473B6800DE48E8 /* XDInputLimitTextView.h */ = {isa = PBXFileReference; fileEncoding = 4; lastKnownFileType = sourcecode.c.h; path = XDInputLimitTextView.h; sourceTree = "<group>"; };
		AC0266BA1D473B6800DE48E8 /* XDInputLimitTextView.m */ = {isa = PBXFileReference; fileEncoding = 4; lastKnownFileType = sourcecode.c.objc; path = XDInputLimitTextView.m; sourceTree = "<group>"; };
		AC0266BC1D473CAD00DE48E8 /* ParentViewController.h */ = {isa = PBXFileReference; fileEncoding = 4; lastKnownFileType = sourcecode.c.h; path = ParentViewController.h; sourceTree = "<group>"; };
		AC0266BD1D473CAD00DE48E8 /* ParentViewController.m */ = {isa = PBXFileReference; fileEncoding = 4; lastKnownFileType = sourcecode.c.objc; path = ParentViewController.m; sourceTree = "<group>"; };
/* End PBXFileReference section */

/* Begin PBXFrameworksBuildPhase section */
		AC02667D1D473ABB00DE48E8 /* Frameworks */ = {
			isa = PBXFrameworksBuildPhase;
			buildActionMask = 2147483647;
			files = (
			);
			runOnlyForDeploymentPostprocessing = 0;
		};
		AC0266961D473ABB00DE48E8 /* Frameworks */ = {
			isa = PBXFrameworksBuildPhase;
			buildActionMask = 2147483647;
			files = (
			);
			runOnlyForDeploymentPostprocessing = 0;
		};
		AC0266A11D473ABB00DE48E8 /* Frameworks */ = {
			isa = PBXFrameworksBuildPhase;
			buildActionMask = 2147483647;
			files = (
			);
			runOnlyForDeploymentPostprocessing = 0;
		};
/* End PBXFrameworksBuildPhase section */

/* Begin PBXGroup section */
		AC0266771D473ABB00DE48E8 = {
			isa = PBXGroup;
			children = (
				AC0266BC1D473CAD00DE48E8 /* ParentViewController.h */,
				AC0266BD1D473CAD00DE48E8 /* ParentViewController.m */,
				AC0266821D473ABB00DE48E8 /* MaxNumberInputTextView */,
				AC02669C1D473ABB00DE48E8 /* MaxNumberInputTextViewTests */,
				AC0266A71D473ABB00DE48E8 /* MaxNumberInputTextViewUITests */,
				AC0266811D473ABB00DE48E8 /* Products */,
			);
			sourceTree = "<group>";
		};
		AC0266811D473ABB00DE48E8 /* Products */ = {
			isa = PBXGroup;
			children = (
				AC0266801D473ABB00DE48E8 /* MaxNumberInputTextView.app */,
				AC0266991D473ABB00DE48E8 /* MaxNumberInputTextViewTests.xctest */,
				AC0266A41D473ABB00DE48E8 /* MaxNumberInputTextViewUITests.xctest */,
			);
			name = Products;
			sourceTree = "<group>";
		};
		AC0266821D473ABB00DE48E8 /* MaxNumberInputTextView */ = {
			isa = PBXGroup;
			children = (
				AC0266861D473ABB00DE48E8 /* AppDelegate.h */,
				AC0266871D473ABB00DE48E8 /* AppDelegate.m */,
				AC02668C1D473ABB00DE48E8 /* Main.storyboard */,
				AC02668F1D473ABB00DE48E8 /* Assets.xcassets */,
				AC0266911D473ABB00DE48E8 /* LaunchScreen.storyboard */,
				AC0266941D473ABB00DE48E8 /* Info.plist */,
				AC0266831D473ABB00DE48E8 /* Supporting Files */,
				AC0266B61D473AFD00DE48E8 /* XDPublicChatController.h */,
				AC0266B71D473AFD00DE48E8 /* XDPublicChatController.m */,
				AC0266B91D473B6800DE48E8 /* XDInputLimitTextView.h */,
				AC0266BA1D473B6800DE48E8 /* XDInputLimitTextView.m */,
			);
			path = MaxNumberInputTextView;
			sourceTree = "<group>";
		};
		AC0266831D473ABB00DE48E8 /* Supporting Files */ = {
			isa = PBXGroup;
			children = (
				AC0266841D473ABB00DE48E8 /* main.m */,
			);
			name = "Supporting Files";
			sourceTree = "<group>";
		};
		AC02669C1D473ABB00DE48E8 /* MaxNumberInputTextViewTests */ = {
			isa = PBXGroup;
			children = (
				AC02669D1D473ABB00DE48E8 /* MaxNumberInputTextViewTests.m */,
				AC02669F1D473ABB00DE48E8 /* Info.plist */,
			);
			path = MaxNumberInputTextViewTests;
			sourceTree = "<group>";
		};
		AC0266A71D473ABB00DE48E8 /* MaxNumberInputTextViewUITests */ = {
			isa = PBXGroup;
			children = (
				AC0266A81D473ABB00DE48E8 /* MaxNumberInputTextViewUITests.m */,
				AC0266AA1D473ABB00DE48E8 /* Info.plist */,
			);
			path = MaxNumberInputTextViewUITests;
			sourceTree = "<group>";
		};
/* End PBXGroup section */

/* Begin PBXNativeTarget section */
		AC02667F1D473ABB00DE48E8 /* MaxNumberInputTextView */ = {
			isa = PBXNativeTarget;
			buildConfigurationList = AC0266AD1D473ABB00DE48E8 /* Build configuration list for PBXNativeTarget "MaxNumberInputTextView" */;
			buildPhases = (
				AC02667C1D473ABB00DE48E8 /* Sources */,
				AC02667D1D473ABB00DE48E8 /* Frameworks */,
				AC02667E1D473ABB00DE48E8 /* Resources */,
			);
			buildRules = (
			);
			dependencies = (
			);
			name = MaxNumberInputTextView;
			productName = MaxNumberInputTextView;
			productReference = AC0266801D473ABB00DE48E8 /* MaxNumberInputTextView.app */;
			productType = "com.apple.product-type.application";
		};
		AC0266981D473ABB00DE48E8 /* MaxNumberInputTextViewTests */ = {
			isa = PBXNativeTarget;
			buildConfigurationList = AC0266B01D473ABB00DE48E8 /* Build configuration list for PBXNativeTarget "MaxNumberInputTextViewTests" */;
			buildPhases = (
				AC0266951D473ABB00DE48E8 /* Sources */,
				AC0266961D473ABB00DE48E8 /* Frameworks */,
				AC0266971D473ABB00DE48E8 /* Resources */,
			);
			buildRules = (
			);
			dependencies = (
				AC02669B1D473ABB00DE48E8 /* PBXTargetDependency */,
			);
			name = MaxNumberInputTextViewTests;
			productName = MaxNumberInputTextViewTests;
			productReference = AC0266991D473ABB00DE48E8 /* MaxNumberInputTextViewTests.xctest */;
			productType = "com.apple.product-type.bundle.unit-test";
		};
		AC0266A31D473ABB00DE48E8 /* MaxNumberInputTextViewUITests */ = {
			isa = PBXNativeTarget;
			buildConfigurationList = AC0266B31D473ABB00DE48E8 /* Build configuration list for PBXNativeTarget "MaxNumberInputTextViewUITests" */;
			buildPhases = (
				AC0266A01D473ABB00DE48E8 /* Sources */,
				AC0266A11D473ABB00DE48E8 /* Frameworks */,
				AC0266A21D473ABB00DE48E8 /* Resources */,
			);
			buildRules = (
			);
			dependencies = (
				AC0266A61D473ABB00DE48E8 /* PBXTargetDependency */,
			);
			name = MaxNumberInputTextViewUITests;
			productName = MaxNumberInputTextViewUITests;
			productReference = AC0266A41D473ABB00DE48E8 /* MaxNumberInputTextViewUITests.xctest */;
			productType = "com.apple.product-type.bundle.ui-testing";
		};
/* End PBXNativeTarget section */

/* Begin PBXProject section */
		AC0266781D473ABB00DE48E8 /* Project object */ = {
			isa = PBXProject;
			attributes = {
				LastUpgradeCheck = 0730;
				ORGANIZATIONNAME = JiangWang;
				TargetAttributes = {
					AC02667F1D473ABB00DE48E8 = {
						CreatedOnToolsVersion = 7.3.1;
						DevelopmentTeam = Y39R442P5T;
					};
					AC0266981D473ABB00DE48E8 = {
						CreatedOnToolsVersion = 7.3.1;
						TestTargetID = AC02667F1D473ABB00DE48E8;
					};
					AC0266A31D473ABB00DE48E8 = {
						CreatedOnToolsVersion = 7.3.1;
						TestTargetID = AC02667F1D473ABB00DE48E8;
					};
				};
			};
			buildConfigurationList = AC02667B1D473ABB00DE48E8 /* Build configuration list for PBXProject "MaxNumberInputTextView" */;
			compatibilityVersion = "Xcode 3.2";
			developmentRegion = English;
			hasScannedForEncodings = 0;
			knownRegions = (
				en,
				Base,
			);
			mainGroup = AC0266771D473ABB00DE48E8;
			productRefGroup = AC0266811D473ABB00DE48E8 /* Products */;
			projectDirPath = "";
			projectRoot = "";
			targets = (
				AC02667F1D473ABB00DE48E8 /* MaxNumberInputTextView */,
				AC0266981D473ABB00DE48E8 /* MaxNumberInputTextViewTests */,
				AC0266A31D473ABB00DE48E8 /* MaxNumberInputTextViewUITests */,
			);
		};
/* End PBXProject section */

/* Begin PBXResourcesBuildPhase section */
		AC02667E1D473ABB00DE48E8 /* Resources */ = {
			isa = PBXResourcesBuildPhase;
			buildActionMask = 2147483647;
			files = (
				AC0266931D473ABB00DE48E8 /* LaunchScreen.storyboard in Resources */,
				AC0266901D473ABB00DE48E8 /* Assets.xcassets in Resources */,
				AC02668E1D473ABB00DE48E8 /* Main.storyboard in Resources */,
			);
			runOnlyForDeploymentPostprocessing = 0;
		};
		AC0266971D473ABB00DE48E8 /* Resources */ = {
			isa = PBXResourcesBuildPhase;
			buildActionMask = 2147483647;
			files = (
			);
			runOnlyForDeploymentPostprocessing = 0;
		};
		AC0266A21D473ABB00DE48E8 /* Resources */ = {
			isa = PBXResourcesBuildPhase;
			buildActionMask = 2147483647;
			files = (
			);
			runOnlyForDeploymentPostprocessing = 0;
		};
/* End PBXResourcesBuildPhase section */

/* Begin PBXSourcesBuildPhase section */
		AC02667C1D473ABB00DE48E8 /* Sources */ = {
			isa = PBXSourcesBuildPhase;
			buildActionMask = 2147483647;
			files = (
				AC0266881D473ABB00DE48E8 /* AppDelegate.m in Sources */,
				AC0266B81D473AFD00DE48E8 /* XDPublicChatController.m in Sources */,
				AC0266BE1D473CAD00DE48E8 /* ParentViewController.m in Sources */,
				AC0266851D473ABB00DE48E8 /* main.m in Sources */,
				AC0266BB1D473B6800DE48E8 /* XDInputLimitTextView.m in Sources */,
			);
			runOnlyForDeploymentPostprocessing = 0;
		};
		AC0266951D473ABB00DE48E8 /* Sources */ = {
			isa = PBXSourcesBuildPhase;
			buildActionMask = 2147483647;
			files = (
				AC02669E1D473ABB00DE48E8 /* MaxNumberInputTextViewTests.m in Sources */,
			);
			runOnlyForDeploymentPostprocessing = 0;
		};
		AC0266A01D473ABB00DE48E8 /* Sources */ = {
			isa = PBXSourcesBuildPhase;
			buildActionMask = 2147483647;
			files = (
				AC0266A91D473ABB00DE48E8 /* MaxNumberInputTextViewUITests.m in Sources */,
			);
			runOnlyForDeploymentPostprocessing = 0;
		};
/* End PBXSourcesBuildPhase section */

/* Begin PBXTargetDependency section */
		AC02669B1D473ABB00DE48E8 /* PBXTargetDependency */ = {
			isa = PBXTargetDependency;
			target = AC02667F1D473ABB00DE48E8 /* MaxNumberInputTextView */;
			targetProxy = AC02669A1D473ABB00DE48E8 /* PBXContainerItemProxy */;
		};
		AC0266A61D473ABB00DE48E8 /* PBXTargetDependency */ = {
			isa = PBXTargetDependency;
			target = AC02667F1D473ABB00DE48E8 /* MaxNumberInputTextView */;
			targetProxy = AC0266A51D473ABB00DE48E8 /* PBXContainerItemProxy */;
		};
/* End PBXTargetDependency section */

/* Begin PBXVariantGroup section */
		AC02668C1D473ABB00DE48E8 /* Main.storyboard */ = {
			isa = PBXVariantGroup;
			children = (
				AC02668D1D473ABB00DE48E8 /* Base */,
			);
			name = Main.storyboard;
			sourceTree = "<group>";
		};
		AC0266911D473ABB00DE48E8 /* LaunchScreen.storyboard */ = {
			isa = PBXVariantGroup;
			children = (
				AC0266921D473ABB00DE48E8 /* Base */,
			);
			name = LaunchScreen.storyboard;
			sourceTree = "<group>";
		};
/* End PBXVariantGroup section */

/* Begin XCBuildConfiguration section */
		AC0266AB1D473ABB00DE48E8 /* Debug */ = {
			isa = XCBuildConfiguration;
			buildSettings = {
				ALWAYS_SEARCH_USER_PATHS = NO;
				CLANG_ANALYZER_NONNULL = YES;
				CLANG_CXX_LANGUAGE_STANDARD = "gnu++0x";
				CLANG_CXX_LIBRARY = "libc++";
				CLANG_ENABLE_MODULES = YES;
				CLANG_ENABLE_OBJC_ARC = YES;
				CLANG_WARN_BOOL_CONVERSION = YES;
				CLANG_WARN_CONSTANT_CONVERSION = YES;
				CLANG_WARN_DIRECT_OBJC_ISA_USAGE = YES_ERROR;
				CLANG_WARN_EMPTY_BODY = YES;
				CLANG_WARN_ENUM_CONVERSION = YES;
				CLANG_WARN_INT_CONVERSION = YES;
				CLANG_WARN_OBJC_ROOT_CLASS = YES_ERROR;
				CLANG_WARN_UNREACHABLE_CODE = YES;
				CLANG_WARN__DUPLICATE_METHOD_MATCH = YES;
				"CODE_SIGN_IDENTITY[sdk=iphoneos*]" = "iPhone Developer";
				COPY_PHASE_STRIP = NO;
				DEBUG_INFORMATION_FORMAT = dwarf;
				ENABLE_STRICT_OBJC_MSGSEND = YES;
				ENABLE_TESTABILITY = YES;
				GCC_C_LANGUAGE_STANDARD = gnu99;
				GCC_DYNAMIC_NO_PIC = NO;
				GCC_NO_COMMON_BLOCKS = YES;
				GCC_OPTIMIZATION_LEVEL = 0;
				GCC_PREPROCESSOR_DEFINITIONS = (
					"DEBUG=1",
					"$(inherited)",
				);
				GCC_WARN_64_TO_32_BIT_CONVERSION = YES;
				GCC_WARN_ABOUT_RETURN_TYPE = YES_ERROR;
				GCC_WARN_UNDECLARED_SELECTOR = YES;
				GCC_WARN_UNINITIALIZED_AUTOS = YES_AGGRESSIVE;
				GCC_WARN_UNUSED_FUNCTION = YES;
				GCC_WARN_UNUSED_VARIABLE = YES;
				IPHONEOS_DEPLOYMENT_TARGET = 9.3;
				MTL_ENABLE_DEBUG_INFO = YES;
				ONLY_ACTIVE_ARCH = YES;
				SDKROOT = iphoneos;
				TARGETED_DEVICE_FAMILY = "1,2";
			};
			name = Debug;
		};
		AC0266AC1D473ABB00DE48E8 /* Release */ = {
			isa = XCBuildConfiguration;
			buildSettings = {
				ALWAYS_SEARCH_USER_PATHS = NO;
				CLANG_ANALYZER_NONNULL = YES;
				CLANG_CXX_LANGUAGE_STANDARD = "gnu++0x";
				CLANG_CXX_LIBRARY = "libc++";
				CLANG_ENABLE_MODULES = YES;
				CLANG_ENABLE_OBJC_ARC = YES;
				CLANG_WARN_BOOL_CONVERSION = YES;
				CLANG_WARN_CONSTANT_CONVERSION = YES;
				CLANG_WARN_DIRECT_OBJC_ISA_USAGE = YES_ERROR;
				CLANG_WARN_EMPTY_BODY = YES;
				CLANG_WARN_ENUM_CONVERSION = YES;
				CLANG_WARN_INT_CONVERSION = YES;
				CLANG_WARN_OBJC_ROOT_CLASS = YES_ERROR;
				CLANG_WARN_UNREACHABLE_CODE = YES;
				CLANG_WARN__DUPLICATE_METHOD_MATCH = YES;
				"CODE_SIGN_IDENTITY[sdk=iphoneos*]" = "iPhone Developer";
				COPY_PHASE_STRIP = NO;
				DEBUG_INFORMATION_FORMAT = "dwarf-with-dsym";
				ENABLE_NS_ASSERTIONS = NO;
				ENABLE_STRICT_OBJC_MSGSEND = YES;
				GCC_C_LANGUAGE_STANDARD = gnu99;
				GCC_NO_COMMON_BLOCKS = YES;
				GCC_WARN_64_TO_32_BIT_CONVERSION = YES;
				GCC_WARN_ABOUT_RETURN_TYPE = YES_ERROR;
				GCC_WARN_UNDECLARED_SELECTOR = YES;
				GCC_WARN_UNINITIALIZED_AUTOS = YES_AGGRESSIVE;
				GCC_WARN_UNUSED_FUNCTION = YES;
				GCC_WARN_UNUSED_VARIABLE = YES;
				IPHONEOS_DEPLOYMENT_TARGET = 9.3;
				MTL_ENABLE_DEBUG_INFO = NO;
				SDKROOT = iphoneos;
				TARGETED_DEVICE_FAMILY = "1,2";
				VALIDATE_PRODUCT = YES;
			};
			name = Release;
		};
		AC0266AE1D473ABB00DE48E8 /* Debug */ = {
			isa = XCBuildConfiguration;
			buildSettings = {
				ASSETCATALOG_COMPILER_APPICON_NAME = AppIcon;
				CODE_SIGN_IDENTITY = "iPhone Developer";
				"CODE_SIGN_IDENTITY[sdk=iphoneos*]" = "iPhone Developer";
				INFOPLIST_FILE = MaxNumberInputTextView/Info.plist;
				IPHONEOS_DEPLOYMENT_TARGET = 8.0;
				LD_RUNPATH_SEARCH_PATHS = "$(inherited) @executable_path/Frameworks";
				PRODUCT_BUNDLE_IDENTIFIER = com.seeyoutime.MaxNumberInputTextView;
				PRODUCT_NAME = "$(TARGET_NAME)";
				PROVISIONING_PROFILE = "";
			};
			name = Debug;
		};
		AC0266AF1D473ABB00DE48E8 /* Release */ = {
			isa = XCBuildConfiguration;
			buildSettings = {
				ASSETCATALOG_COMPILER_APPICON_NAME = AppIcon;
				CODE_SIGN_IDENTITY = "iPhone Developer";
				"CODE_SIGN_IDENTITY[sdk=iphoneos*]" = "iPhone Developer";
				INFOPLIST_FILE = MaxNumberInputTextView/Info.plist;
				IPHONEOS_DEPLOYMENT_TARGET = 8.0;
				LD_RUNPATH_SEARCH_PATHS = "$(inherited) @executable_path/Frameworks";
				PRODUCT_BUNDLE_IDENTIFIER = com.seeyoutime.MaxNumberInputTextView;
				PRODUCT_NAME = "$(TARGET_NAME)";
				PROVISIONING_PROFILE = "";
			};
			name = Release;
		};
		AC0266B11D473ABB00DE48E8 /* Debug */ = {
			isa = XCBuildConfiguration;
			buildSettings = {
				BUNDLE_LOADER = "$(TEST_HOST)";
				INFOPLIST_FILE = MaxNumberInputTextViewTests/Info.plist;
				LD_RUNPATH_SEARCH_PATHS = "$(inherited) @executable_path/Frameworks @loader_path/Frameworks";
				PRODUCT_BUNDLE_IDENTIFIER = com.seeyoutime.MaxNumberInputTextViewTests;
				PRODUCT_NAME = "$(TARGET_NAME)";
				TEST_HOST = "$(BUILT_PRODUCTS_DIR)/MaxNumberInputTextView.app/MaxNumberInputTextView";
			};
			name = Debug;
		};
		AC0266B21D473ABB00DE48E8 /* Release */ = {
			isa = XCBuildConfiguration;
			buildSettings = {
				BUNDLE_LOADER = "$(TEST_HOST)";
				INFOPLIST_FILE = MaxNumberInputTextViewTests/Info.plist;
				LD_RUNPATH_SEARCH_PATHS = "$(inherited) @executable_path/Frameworks @loader_path/Frameworks";
				PRODUCT_BUNDLE_IDENTIFIER = com.seeyoutime.MaxNumberInputTextViewTests;
				PRODUCT_NAME = "$(TARGET_NAME)";
				TEST_HOST = "$(BUILT_PRODUCTS_DIR)/MaxNumberInputTextView.app/MaxNumberInputTextView";
			};
			name = Release;
		};
		AC0266B41D473ABB00DE48E8 /* Debug */ = {
			isa = XCBuildConfiguration;
			buildSettings = {
				INFOPLIST_FILE = MaxNumberInputTextViewUITests/Info.plist;
				LD_RUNPATH_SEARCH_PATHS = "$(inherited) @executable_path/Frameworks @loader_path/Frameworks";
				PRODUCT_BUNDLE_IDENTIFIER = com.seeyoutime.MaxNumberInputTextViewUITests;
				PRODUCT_NAME = "$(TARGET_NAME)";
				TEST_TARGET_NAME = MaxNumberInputTextView;
			};
			name = Debug;
		};
		AC0266B51D473ABB00DE48E8 /* Release */ = {
			isa = XCBuildConfiguration;
			buildSettings = {
				INFOPLIST_FILE = MaxNumberInputTextViewUITests/Info.plist;
				LD_RUNPATH_SEARCH_PATHS = "$(inherited) @executable_path/Frameworks @loader_path/Frameworks";
				PRODUCT_BUNDLE_IDENTIFIER = com.seeyoutime.MaxNumberInputTextViewUITests;
				PRODUCT_NAME = "$(TARGET_NAME)";
				TEST_TARGET_NAME = MaxNumberInputTextView;
			};
			name = Release;
		};
/* End XCBuildConfiguration section */

/* Begin XCConfigurationList section */
		AC02667B1D473ABB00DE48E8 /* Build configuration list for PBXProject "MaxNumberInputTextView" */ = {
			isa = XCConfigurationList;
			buildConfigurations = (
				AC0266AB1D473ABB00DE48E8 /* Debug */,
				AC0266AC1D473ABB00DE48E8 /* Release */,
			);
			defaultConfigurationIsVisible = 0;
			defaultConfigurationName = Release;
		};
		AC0266AD1D473ABB00DE48E8 /* Build configuration list for PBXNativeTarget "MaxNumberInputTextView" */ = {
			isa = XCConfigurationList;
			buildConfigurations = (
				AC0266AE1D473ABB00DE48E8 /* Debug */,
				AC0266AF1D473ABB00DE48E8 /* Release */,
			);
			defaultConfigurationIsVisible = 0;
		};
		AC0266B01D473ABB00DE48E8 /* Build configuration list for PBXNativeTarget "MaxNumberInputTextViewTests" */ = {
			isa = XCConfigurationList;
			buildConfigurations = (
				AC0266B11D473ABB00DE48E8 /* Debug */,
				AC0266B21D473ABB00DE48E8 /* Release */,
			);
			defaultConfigurationIsVisible = 0;
		};
		AC0266B31D473ABB00DE48E8 /* Build configuration list for PBXNativeTarget "MaxNumberInputTextViewUITests" */ = {
			isa = XCConfigurationList;
			buildConfigurations = (
				AC0266B41D473ABB00DE48E8 /* Debug */,
				AC0266B51D473ABB00DE48E8 /* Release */,
			);
			defaultConfigurationIsVisible = 0;
		};
/* End XCConfigurationList section */
	};
	rootObject = AC0266781D473ABB00DE48E8 /* Project object */;
}
