// !$*UTF8*$!
{
	archiveVersion = 1;
	classes = {
	};
	objectVersion = 46;
	objects = {

/* Begin PBXBuildFile section */
		ACF81B7F1DDAB7DF00968F2D /* main.m in Sources */ = {isa = PBXBuildFile; fileRef = ACF81B7E1DDAB7DF00968F2D /* main.m */; };
		ACF81B821DDAB7DF00968F2D /* AppDelegate.m in Sources */ = {isa = PBXBuildFile; fileRef = ACF81B811DDAB7DF00968F2D /* AppDelegate.m */; };
		ACF81B881DDAB7DF00968F2D /* Main.storyboard in Resources */ = {isa = PBXBuildFile; fileRef = ACF81B861DDAB7DF00968F2D /* Main.storyboard */; };
		ACF81B8A1DDAB7DF00968F2D /* Assets.xcassets in Resources */ = {isa = PBXBuildFile; fileRef = ACF81B891DDAB7DF00968F2D /* Assets.xcassets */; };
		ACF81B8D1DDAB7E000968F2D /* LaunchScreen.storyboard in Resources */ = {isa = PBXBuildFile; fileRef = ACF81B8B1DDAB7E000968F2D /* LaunchScreen.storyboard */; };
		ACF81B981DDAB7E000968F2D /* SearchDemoTests.m in Sources */ = {isa = PBXBuildFile; fileRef = ACF81B971DDAB7E000968F2D /* SearchDemoTests.m */; };
		ACF81BA31DDAB7E000968F2D /* SearchDemoUITests.m in Sources */ = {isa = PBXBuildFile; fileRef = ACF81BA21DDAB7E000968F2D /* SearchDemoUITests.m */; };
		ACF81BB21DDAB91700968F2D /* SearchResultsTableController.m in Sources */ = {isa = PBXBuildFile; fileRef = ACF81BB11DDAB91700968F2D /* SearchResultsTableController.m */; };
		ACF81BB51DDAB94E00968F2D /* OriginalTableController.m in Sources */ = {isa = PBXBuildFile; fileRef = ACF81BB41DDAB94E00968F2D /* OriginalTableController.m */; };
/* End PBXBuildFile section */

/* Begin PBXContainerItemProxy section */
		ACF81B941DDAB7E000968F2D /* PBXContainerItemProxy */ = {
			isa = PBXContainerItemProxy;
			containerPortal = ACF81B721DDAB7DF00968F2D /* Project object */;
			proxyType = 1;
			remoteGlobalIDString = ACF81B791DDAB7DF00968F2D;
			remoteInfo = SearchDemo;
		};
		ACF81B9F1DDAB7E000968F2D /* PBXContainerItemProxy */ = {
			isa = PBXContainerItemProxy;
			containerPortal = ACF81B721DDAB7DF00968F2D /* Project object */;
			proxyType = 1;
			remoteGlobalIDString = ACF81B791DDAB7DF00968F2D;
			remoteInfo = SearchDemo;
		};
/* End PBXContainerItemProxy section */

/* Begin PBXFileReference section */
		ACF81B7A1DDAB7DF00968F2D /* SearchDemo.app */ = {isa = PBXFileReference; explicitFileType = wrapper.application; includeInIndex = 0; path = SearchDemo.app; sourceTree = BUILT_PRODUCTS_DIR; };
		ACF81B7E1DDAB7DF00968F2D /* main.m */ = {isa = PBXFileReference; lastKnownFileType = sourcecode.c.objc; path = main.m; sourceTree = "<group>"; };
		ACF81B801DDAB7DF00968F2D /* AppDelegate.h */ = {isa = PBXFileReference; lastKnownFileType = sourcecode.c.h; path = AppDelegate.h; sourceTree = "<group>"; };
		ACF81B811DDAB7DF00968F2D /* AppDelegate.m */ = {isa = PBXFileReference; lastKnownFileType = sourcecode.c.objc; path = AppDelegate.m; sourceTree = "<group>"; };
		ACF81B871DDAB7DF00968F2D /* Base */ = {isa = PBXFileReference; lastKnownFileType = file.storyboard; name = Base; path = Base.lproj/Main.storyboard; sourceTree = "<group>"; };
		ACF81B891DDAB7DF00968F2D /* Assets.xcassets */ = {isa = PBXFileReference; lastKnownFileType = folder.assetcatalog; path = Assets.xcassets; sourceTree = "<group>"; };
		ACF81B8C1DDAB7E000968F2D /* Base */ = {isa = PBXFileReference; lastKnownFileType = file.storyboard; name = Base; path = Base.lproj/LaunchScreen.storyboard; sourceTree = "<group>"; };
		ACF81B8E1DDAB7E000968F2D /* Info.plist */ = {isa = PBXFileReference; lastKnownFileType = text.plist.xml; path = Info.plist; sourceTree = "<group>"; };
		ACF81B931DDAB7E000968F2D /* SearchDemoTests.xctest */ = {isa = PBXFileReference; explicitFileType = wrapper.cfbundle; includeInIndex = 0; path = SearchDemoTests.xctest; sourceTree = BUILT_PRODUCTS_DIR; };
		ACF81B971DDAB7E000968F2D /* SearchDemoTests.m */ = {isa = PBXFileReference; lastKnownFileType = sourcecode.c.objc; path = SearchDemoTests.m; sourceTree = "<group>"; };
		ACF81B991DDAB7E000968F2D /* Info.plist */ = {isa = PBXFileReference; lastKnownFileType = text.plist.xml; path = Info.plist; sourceTree = "<group>"; };
		ACF81B9E1DDAB7E000968F2D /* SearchDemoUITests.xctest */ = {isa = PBXFileReference; explicitFileType = wrapper.cfbundle; includeInIndex = 0; path = SearchDemoUITests.xctest; sourceTree = BUILT_PRODUCTS_DIR; };
		ACF81BA21DDAB7E000968F2D /* SearchDemoUITests.m */ = {isa = PBXFileReference; lastKnownFileType = sourcecode.c.objc; path = SearchDemoUITests.m; sourceTree = "<group>"; };
		ACF81BA41DDAB7E000968F2D /* Info.plist */ = {isa = PBXFileReference; lastKnownFileType = text.plist.xml; path = Info.plist; sourceTree = "<group>"; };
		ACF81BB01DDAB91700968F2D /* SearchResultsTableController.h */ = {isa = PBXFileReference; fileEncoding = 4; lastKnownFileType = sourcecode.c.h; path = SearchResultsTableController.h; sourceTree = "<group>"; };
		ACF81BB11DDAB91700968F2D /* SearchResultsTableController.m */ = {isa = PBXFileReference; fileEncoding = 4; lastKnownFileType = sourcecode.c.objc; path = SearchResultsTableController.m; sourceTree = "<group>"; };
		ACF81BB31DDAB94E00968F2D /* OriginalTableController.h */ = {isa = PBXFileReference; fileEncoding = 4; lastKnownFileType = sourcecode.c.h; path = OriginalTableController.h; sourceTree = "<group>"; };
		ACF81BB41DDAB94E00968F2D /* OriginalTableController.m */ = {isa = PBXFileReference; fileEncoding = 4; lastKnownFileType = sourcecode.c.objc; path = OriginalTableController.m; sourceTree = "<group>"; };
/* End PBXFileReference section */

/* Begin PBXFrameworksBuildPhase section */
		ACF81B771DDAB7DF00968F2D /* Frameworks */ = {
			isa = PBXFrameworksBuildPhase;
			buildActionMask = 2147483647;
			files = (
			);
			runOnlyForDeploymentPostprocessing = 0;
		};
		ACF81B901DDAB7E000968F2D /* Frameworks */ = {
			isa = PBXFrameworksBuildPhase;
			buildActionMask = 2147483647;
			files = (
			);
			runOnlyForDeploymentPostprocessing = 0;
		};
		ACF81B9B1DDAB7E000968F2D /* Frameworks */ = {
			isa = PBXFrameworksBuildPhase;
			buildActionMask = 2147483647;
			files = (
			);
			runOnlyForDeploymentPostprocessing = 0;
		};
/* End PBXFrameworksBuildPhase section */

/* Begin PBXGroup section */
		ACF81B711DDAB7DF00968F2D = {
			isa = PBXGroup;
			children = (
				ACF81B7C1DDAB7DF00968F2D /* SearchDemo */,
				ACF81B961DDAB7E000968F2D /* SearchDemoTests */,
				ACF81BA11DDAB7E000968F2D /* SearchDemoUITests */,
				ACF81B7B1DDAB7DF00968F2D /* Products */,
			);
			sourceTree = "<group>";
		};
		ACF81B7B1DDAB7DF00968F2D /* Products */ = {
			isa = PBXGroup;
			children = (
				ACF81B7A1DDAB7DF00968F2D /* SearchDemo.app */,
				ACF81B931DDAB7E000968F2D /* SearchDemoTests.xctest */,
				ACF81B9E1DDAB7E000968F2D /* SearchDemoUITests.xctest */,
			);
			name = Products;
			sourceTree = "<group>";
		};
		ACF81B7C1DDAB7DF00968F2D /* SearchDemo */ = {
			isa = PBXGroup;
			children = (
				ACF81B801DDAB7DF00968F2D /* AppDelegate.h */,
				ACF81B811DDAB7DF00968F2D /* AppDelegate.m */,
				ACF81BB01DDAB91700968F2D /* SearchResultsTableController.h */,
				ACF81BB11DDAB91700968F2D /* SearchResultsTableController.m */,
				ACF81BB31DDAB94E00968F2D /* OriginalTableController.h */,
				ACF81BB41DDAB94E00968F2D /* OriginalTableController.m */,
				ACF81B861DDAB7DF00968F2D /* Main.storyboard */,
				ACF81B891DDAB7DF00968F2D /* Assets.xcassets */,
				ACF81B8B1DDAB7E000968F2D /* LaunchScreen.storyboard */,
				ACF81B8E1DDAB7E000968F2D /* Info.plist */,
				ACF81B7D1DDAB7DF00968F2D /* Supporting Files */,
			);
			path = SearchDemo;
			sourceTree = "<group>";
		};
		ACF81B7D1DDAB7DF00968F2D /* Supporting Files */ = {
			isa = PBXGroup;
			children = (
				ACF81B7E1DDAB7DF00968F2D /* main.m */,
			);
			name = "Supporting Files";
			sourceTree = "<group>";
		};
		ACF81B961DDAB7E000968F2D /* SearchDemoTests */ = {
			isa = PBXGroup;
			children = (
				ACF81B971DDAB7E000968F2D /* SearchDemoTests.m */,
				ACF81B991DDAB7E000968F2D /* Info.plist */,
			);
			path = SearchDemoTests;
			sourceTree = "<group>";
		};
		ACF81BA11DDAB7E000968F2D /* SearchDemoUITests */ = {
			isa = PBXGroup;
			children = (
				ACF81BA21DDAB7E000968F2D /* SearchDemoUITests.m */,
				ACF81BA41DDAB7E000968F2D /* Info.plist */,
			);
			path = SearchDemoUITests;
			sourceTree = "<group>";
		};
/* End PBXGroup section */

/* Begin PBXNativeTarget section */
		ACF81B791DDAB7DF00968F2D /* SearchDemo */ = {
			isa = PBXNativeTarget;
			buildConfigurationList = ACF81BA71DDAB7E000968F2D /* Build configuration list for PBXNativeTarget "SearchDemo" */;
			buildPhases = (
				ACF81B761DDAB7DF00968F2D /* Sources */,
				ACF81B771DDAB7DF00968F2D /* Frameworks */,
				ACF81B781DDAB7DF00968F2D /* Resources */,
			);
			buildRules = (
			);
			dependencies = (
			);
			name = SearchDemo;
			productName = SearchDemo;
			productReference = ACF81B7A1DDAB7DF00968F2D /* SearchDemo.app */;
			productType = "com.apple.product-type.application";
		};
		ACF81B921DDAB7E000968F2D /* SearchDemoTests */ = {
			isa = PBXNativeTarget;
			buildConfigurationList = ACF81BAA1DDAB7E000968F2D /* Build configuration list for PBXNativeTarget "SearchDemoTests" */;
			buildPhases = (
				ACF81B8F1DDAB7E000968F2D /* Sources */,
				ACF81B901DDAB7E000968F2D /* Frameworks */,
				ACF81B911DDAB7E000968F2D /* Resources */,
			);
			buildRules = (
			);
			dependencies = (
				ACF81B951DDAB7E000968F2D /* PBXTargetDependency */,
			);
			name = SearchDemoTests;
			productName = SearchDemoTests;
			productReference = ACF81B931DDAB7E000968F2D /* SearchDemoTests.xctest */;
			productType = "com.apple.product-type.bundle.unit-test";
		};
		ACF81B9D1DDAB7E000968F2D /* SearchDemoUITests */ = {
			isa = PBXNativeTarget;
			buildConfigurationList = ACF81BAD1DDAB7E000968F2D /* Build configuration list for PBXNativeTarget "SearchDemoUITests" */;
			buildPhases = (
				ACF81B9A1DDAB7E000968F2D /* Sources */,
				ACF81B9B1DDAB7E000968F2D /* Frameworks */,
				ACF81B9C1DDAB7E000968F2D /* Resources */,
			);
			buildRules = (
			);
			dependencies = (
				ACF81BA01DDAB7E000968F2D /* PBXTargetDependency */,
			);
			name = SearchDemoUITests;
			productName = SearchDemoUITests;
			productReference = ACF81B9E1DDAB7E000968F2D /* SearchDemoUITests.xctest */;
			productType = "com.apple.product-type.bundle.ui-testing";
		};
/* End PBXNativeTarget section */

/* Begin PBXProject section */
		ACF81B721DDAB7DF00968F2D /* Project object */ = {
			isa = PBXProject;
			attributes = {
				LastUpgradeCheck = 0810;
				ORGANIZATIONNAME = JiangWang;
				TargetAttributes = {
					ACF81B791DDAB7DF00968F2D = {
						CreatedOnToolsVersion = 8.1;
						DevelopmentTeam = VGT62P4UF6;
						ProvisioningStyle = Automatic;
					};
					ACF81B921DDAB7E000968F2D = {
						CreatedOnToolsVersion = 8.1;
						ProvisioningStyle = Automatic;
						TestTargetID = ACF81B791DDAB7DF00968F2D;
					};
					ACF81B9D1DDAB7E000968F2D = {
						CreatedOnToolsVersion = 8.1;
						ProvisioningStyle = Automatic;
						TestTargetID = ACF81B791DDAB7DF00968F2D;
					};
				};
			};
			buildConfigurationList = ACF81B751DDAB7DF00968F2D /* Build configuration list for PBXProject "SearchDemo" */;
			compatibilityVersion = "Xcode 3.2";
			developmentRegion = English;
			hasScannedForEncodings = 0;
			knownRegions = (
				en,
				Base,
			);
			mainGroup = ACF81B711DDAB7DF00968F2D;
			productRefGroup = ACF81B7B1DDAB7DF00968F2D /* Products */;
			projectDirPath = "";
			projectRoot = "";
			targets = (
				ACF81B791DDAB7DF00968F2D /* SearchDemo */,
				ACF81B921DDAB7E000968F2D /* SearchDemoTests */,
				ACF81B9D1DDAB7E000968F2D /* SearchDemoUITests */,
			);
		};
/* End PBXProject section */

/* Begin PBXResourcesBuildPhase section */
		ACF81B781DDAB7DF00968F2D /* Resources */ = {
			isa = PBXResourcesBuildPhase;
			buildActionMask = 2147483647;
			files = (
				ACF81B8D1DDAB7E000968F2D /* LaunchScreen.storyboard in Resources */,
				ACF81B8A1DDAB7DF00968F2D /* Assets.xcassets in Resources */,
				ACF81B881DDAB7DF00968F2D /* Main.storyboard in Resources */,
			);
			runOnlyForDeploymentPostprocessing = 0;
		};
		ACF81B911DDAB7E000968F2D /* Resources */ = {
			isa = PBXResourcesBuildPhase;
			buildActionMask = 2147483647;
			files = (
			);
			runOnlyForDeploymentPostprocessing = 0;
		};
		ACF81B9C1DDAB7E000968F2D /* Resources */ = {
			isa = PBXResourcesBuildPhase;
			buildActionMask = 2147483647;
			files = (
			);
			runOnlyForDeploymentPostprocessing = 0;
		};
/* End PBXResourcesBuildPhase section */

/* Begin PBXSourcesBuildPhase section */
		ACF81B761DDAB7DF00968F2D /* Sources */ = {
			isa = PBXSourcesBuildPhase;
			buildActionMask = 2147483647;
			files = (
				ACF81B821DDAB7DF00968F2D /* AppDelegate.m in Sources */,
				ACF81BB51DDAB94E00968F2D /* OriginalTableController.m in Sources */,
				ACF81B7F1DDAB7DF00968F2D /* main.m in Sources */,
				ACF81BB21DDAB91700968F2D /* SearchResultsTableController.m in Sources */,
			);
			runOnlyForDeploymentPostprocessing = 0;
		};
		ACF81B8F1DDAB7E000968F2D /* Sources */ = {
			isa = PBXSourcesBuildPhase;
			buildActionMask = 2147483647;
			files = (
				ACF81B981DDAB7E000968F2D /* SearchDemoTests.m in Sources */,
			);
			runOnlyForDeploymentPostprocessing = 0;
		};
		ACF81B9A1DDAB7E000968F2D /* Sources */ = {
			isa = PBXSourcesBuildPhase;
			buildActionMask = 2147483647;
			files = (
				ACF81BA31DDAB7E000968F2D /* SearchDemoUITests.m in Sources */,
			);
			runOnlyForDeploymentPostprocessing = 0;
		};
/* End PBXSourcesBuildPhase section */

/* Begin PBXTargetDependency section */
		ACF81B951DDAB7E000968F2D /* PBXTargetDependency */ = {
			isa = PBXTargetDependency;
			target = ACF81B791DDAB7DF00968F2D /* SearchDemo */;
			targetProxy = ACF81B941DDAB7E000968F2D /* PBXContainerItemProxy */;
		};
		ACF81BA01DDAB7E000968F2D /* PBXTargetDependency */ = {
			isa = PBXTargetDependency;
			target = ACF81B791DDAB7DF00968F2D /* SearchDemo */;
			targetProxy = ACF81B9F1DDAB7E000968F2D /* PBXContainerItemProxy */;
		};
/* End PBXTargetDependency section */

/* Begin PBXVariantGroup section */
		ACF81B861DDAB7DF00968F2D /* Main.storyboard */ = {
			isa = PBXVariantGroup;
			children = (
				ACF81B871DDAB7DF00968F2D /* Base */,
			);
			name = Main.storyboard;
			sourceTree = "<group>";
		};
		ACF81B8B1DDAB7E000968F2D /* LaunchScreen.storyboard */ = {
			isa = PBXVariantGroup;
			children = (
				ACF81B8C1DDAB7E000968F2D /* Base */,
			);
			name = LaunchScreen.storyboard;
			sourceTree = "<group>";
		};
/* End PBXVariantGroup section */

/* Begin XCBuildConfiguration section */
		ACF81BA51DDAB7E000968F2D /* Debug */ = {
			isa = XCBuildConfiguration;
			buildSettings = {
				ALWAYS_SEARCH_USER_PATHS = NO;
				CLANG_ANALYZER_NONNULL = YES;
				CLANG_CXX_LANGUAGE_STANDARD = "gnu++0x";
				CLANG_CXX_LIBRARY = "libc++";
				CLANG_ENABLE_MODULES = YES;
				CLANG_ENABLE_OBJC_ARC = YES;
				CLANG_WARN_BOOL_CONVERSION = YES;
				CLANG_WARN_CONSTANT_CONVERSION = YES;
				CLANG_WARN_DIRECT_OBJC_ISA_USAGE = YES_ERROR;
				CLANG_WARN_DOCUMENTATION_COMMENTS = YES;
				CLANG_WARN_EMPTY_BODY = YES;
				CLANG_WARN_ENUM_CONVERSION = YES;
				CLANG_WARN_INFINITE_RECURSION = YES;
				CLANG_WARN_INT_CONVERSION = YES;
				CLANG_WARN_OBJC_ROOT_CLASS = YES_ERROR;
				CLANG_WARN_SUSPICIOUS_MOVES = YES;
				CLANG_WARN_UNREACHABLE_CODE = YES;
				CLANG_WARN__DUPLICATE_METHOD_MATCH = YES;
				"CODE_SIGN_IDENTITY[sdk=iphoneos*]" = "iPhone Developer";
				COPY_PHASE_STRIP = NO;
				DEBUG_INFORMATION_FORMAT = dwarf;
				ENABLE_STRICT_OBJC_MSGSEND = YES;
				ENABLE_TESTABILITY = YES;
				GCC_C_LANGUAGE_STANDARD = gnu99;
				GCC_DYNAMIC_NO_PIC = NO;
				GCC_NO_COMMON_BLOCKS = YES;
				GCC_OPTIMIZATION_LEVEL = 0;
				GCC_PREPROCESSOR_DEFINITIONS = (
					"DEBUG=1",
					"$(inherited)",
				);
				GCC_WARN_64_TO_32_BIT_CONVERSION = YES;
				GCC_WARN_ABOUT_RETURN_TYPE = YES_ERROR;
				GCC_WARN_UNDECLARED_SELECTOR = YES;
				GCC_WARN_UNINITIALIZED_AUTOS = YES_AGGRESSIVE;
				GCC_WARN_UNUSED_FUNCTION = YES;
				GCC_WARN_UNUSED_VARIABLE = YES;
				IPHONEOS_DEPLOYMENT_TARGET = 10.1;
				MTL_ENABLE_DEBUG_INFO = YES;
				ONLY_ACTIVE_ARCH = YES;
				SDKROOT = iphoneos;
				TARGETED_DEVICE_FAMILY = "1,2";
			};
			name = Debug;
		};
		ACF81BA61DDAB7E000968F2D /* Release */ = {
			isa = XCBuildConfiguration;
			buildSettings = {
				ALWAYS_SEARCH_USER_PATHS = NO;
				CLANG_ANALYZER_NONNULL = YES;
				CLANG_CXX_LANGUAGE_STANDARD = "gnu++0x";
				CLANG_CXX_LIBRARY = "libc++";
				CLANG_ENABLE_MODULES = YES;
				CLANG_ENABLE_OBJC_ARC = YES;
				CLANG_WARN_BOOL_CONVERSION = YES;
				CLANG_WARN_CONSTANT_CONVERSION = YES;
				CLANG_WARN_DIRECT_OBJC_ISA_USAGE = YES_ERROR;
				CLANG_WARN_DOCUMENTATION_COMMENTS = YES;
				CLANG_WARN_EMPTY_BODY = YES;
				CLANG_WARN_ENUM_CONVERSION = YES;
				CLANG_WARN_INFINITE_RECURSION = YES;
				CLANG_WARN_INT_CONVERSION = YES;
				CLANG_WARN_OBJC_ROOT_CLASS = YES_ERROR;
				CLANG_WARN_SUSPICIOUS_MOVES = YES;
				CLANG_WARN_UNREACHABLE_CODE = YES;
				CLANG_WARN__DUPLICATE_METHOD_MATCH = YES;
				"CODE_SIGN_IDENTITY[sdk=iphoneos*]" = "iPhone Developer";
				COPY_PHASE_STRIP = NO;
				DEBUG_INFORMATION_FORMAT = "dwarf-with-dsym";
				ENABLE_NS_ASSERTIONS = NO;
				ENABLE_STRICT_OBJC_MSGSEND = YES;
				GCC_C_LANGUAGE_STANDARD = gnu99;
				GCC_NO_COMMON_BLOCKS = YES;
				GCC_WARN_64_TO_32_BIT_CONVERSION = YES;
				GCC_WARN_ABOUT_RETURN_TYPE = YES_ERROR;
				GCC_WARN_UNDECLARED_SELECTOR = YES;
				GCC_WARN_UNINITIALIZED_AUTOS = YES_AGGRESSIVE;
				GCC_WARN_UNUSED_FUNCTION = YES;
				GCC_WARN_UNUSED_VARIABLE = YES;
				IPHONEOS_DEPLOYMENT_TARGET = 10.1;
				MTL_ENABLE_DEBUG_INFO = NO;
				SDKROOT = iphoneos;
				TARGETED_DEVICE_FAMILY = "1,2";
				VALIDATE_PRODUCT = YES;
			};
			name = Release;
		};
		ACF81BA81DDAB7E000968F2D /* Debug */ = {
			isa = XCBuildConfiguration;
			buildSettings = {
				ASSETCATALOG_COMPILER_APPICON_NAME = AppIcon;
				DEVELOPMENT_TEAM = VGT62P4UF6;
				INFOPLIST_FILE = SearchDemo/Info.plist;
				IPHONEOS_DEPLOYMENT_TARGET = 8.0;
				LD_RUNPATH_SEARCH_PATHS = "$(inherited) @executable_path/Frameworks";
				PRODUCT_BUNDLE_IDENTIFIER = com.jiangwang.SearchDemo;
				PRODUCT_NAME = "$(TARGET_NAME)";
			};
			name = Debug;
		};
		ACF81BA91DDAB7E000968F2D /* Release */ = {
			isa = XCBuildConfiguration;
			buildSettings = {
				ASSETCATALOG_COMPILER_APPICON_NAME = AppIcon;
				DEVELOPMENT_TEAM = VGT62P4UF6;
				INFOPLIST_FILE = SearchDemo/Info.plist;
				IPHONEOS_DEPLOYMENT_TARGET = 8.0;
				LD_RUNPATH_SEARCH_PATHS = "$(inherited) @executable_path/Frameworks";
				PRODUCT_BUNDLE_IDENTIFIER = com.jiangwang.SearchDemo;
				PRODUCT_NAME = "$(TARGET_NAME)";
			};
			name = Release;
		};
		ACF81BAB1DDAB7E000968F2D /* Debug */ = {
			isa = XCBuildConfiguration;
			buildSettings = {
				BUNDLE_LOADER = "$(TEST_HOST)";
				INFOPLIST_FILE = SearchDemoTests/Info.plist;
				LD_RUNPATH_SEARCH_PATHS = "$(inherited) @executable_path/Frameworks @loader_path/Frameworks";
				PRODUCT_BUNDLE_IDENTIFIER = com.jiangwang.SearchDemoTests;
				PRODUCT_NAME = "$(TARGET_NAME)";
				TEST_HOST = "$(BUILT_PRODUCTS_DIR)/SearchDemo.app/SearchDemo";
			};
			name = Debug;
		};
		ACF81BAC1DDAB7E000968F2D /* Release */ = {
			isa = XCBuildConfiguration;
			buildSettings = {
				BUNDLE_LOADER = "$(TEST_HOST)";
				INFOPLIST_FILE = SearchDemoTests/Info.plist;
				LD_RUNPATH_SEARCH_PATHS = "$(inherited) @executable_path/Frameworks @loader_path/Frameworks";
				PRODUCT_BUNDLE_IDENTIFIER = com.jiangwang.SearchDemoTests;
				PRODUCT_NAME = "$(TARGET_NAME)";
				TEST_HOST = "$(BUILT_PRODUCTS_DIR)/SearchDemo.app/SearchDemo";
			};
			name = Release;
		};
		ACF81BAE1DDAB7E000968F2D /* Debug */ = {
			isa = XCBuildConfiguration;
			buildSettings = {
				INFOPLIST_FILE = SearchDemoUITests/Info.plist;
				LD_RUNPATH_SEARCH_PATHS = "$(inherited) @executable_path/Frameworks @loader_path/Frameworks";
				PRODUCT_BUNDLE_IDENTIFIER = com.jiangwang.SearchDemoUITests;
				PRODUCT_NAME = "$(TARGET_NAME)";
				TEST_TARGET_NAME = SearchDemo;
			};
			name = Debug;
		};
		ACF81BAF1DDAB7E000968F2D /* Release */ = {
			isa = XCBuildConfiguration;
			buildSettings = {
				INFOPLIST_FILE = SearchDemoUITests/Info.plist;
				LD_RUNPATH_SEARCH_PATHS = "$(inherited) @executable_path/Frameworks @loader_path/Frameworks";
				PRODUCT_BUNDLE_IDENTIFIER = com.jiangwang.SearchDemoUITests;
				PRODUCT_NAME = "$(TARGET_NAME)";
				TEST_TARGET_NAME = SearchDemo;
			};
			name = Release;
		};
/* End XCBuildConfiguration section */

/* Begin XCConfigurationList section */
		ACF81B751DDAB7DF00968F2D /* Build configuration list for PBXProject "SearchDemo" */ = {
			isa = XCConfigurationList;
			buildConfigurations = (
				ACF81BA51DDAB7E000968F2D /* Debug */,
				ACF81BA61DDAB7E000968F2D /* Release */,
			);
			defaultConfigurationIsVisible = 0;
			defaultConfigurationName = Release;
		};
		ACF81BA71DDAB7E000968F2D /* Build configuration list for PBXNativeTarget "SearchDemo" */ = {
			isa = XCConfigurationList;
			buildConfigurations = (
				ACF81BA81DDAB7E000968F2D /* Debug */,
				ACF81BA91DDAB7E000968F2D /* Release */,
			);
			defaultConfigurationIsVisible = 0;
		};
		ACF81BAA1DDAB7E000968F2D /* Build configuration list for PBXNativeTarget "SearchDemoTests" */ = {
			isa = XCConfigurationList;
			buildConfigurations = (
				ACF81BAB1DDAB7E000968F2D /* Debug */,
				ACF81BAC1DDAB7E000968F2D /* Release */,
			);
			defaultConfigurationIsVisible = 0;
		};
		ACF81BAD1DDAB7E000968F2D /* Build configuration list for PBXNativeTarget "SearchDemoUITests" */ = {
			isa = XCConfigurationList;
			buildConfigurations = (
				ACF81BAE1DDAB7E000968F2D /* Debug */,
				ACF81BAF1DDAB7E000968F2D /* Release */,
			);
			defaultConfigurationIsVisible = 0;
		};
/* End XCConfigurationList section */
	};
	rootObject = ACF81B721DDAB7DF00968F2D /* Project object */;
}
